PODS:
  - Crashlytics (3.7.0):
    - Fabric (~> 1.6.3)
  - Fabric (1.6.7)
  - GoogleMaps (1.13.2)
  - INTULocationManager (4.2.0)
  - JTCalendar (2.1.5)
  - LMGeocoder (1.0.5)
  - Realm (1.0.0):
    - Realm/Headers (= 1.0.0)
  - Realm/Headers (1.0.0)

DEPENDENCIES:
  - Crashlytics
  - Fabric
  - GoogleMaps
  - INTULocationManager
  - JTCalendar (from `https://github.com/tercteberc/JTCalendar.git`)
  - LMGeocoder (= 1.0.5)
  - Realm

EXTERNAL SOURCES:
  JTCalendar:
    :git: https://github.com/tercteberc/JTCalendar.git

CHECKOUT OPTIONS:
  JTCalendar:
    :commit: d02071ef8ff676e665538ce39cb211bc429f1f5e
    :git: https://github.com/tercteberc/JTCalendar.git

SPEC CHECKSUMS:
  Crashlytics: c3a2333dea9e2733d2777f730910321fc9e25c0d
  Fabric: caf7580c725e64db144f610ac65cd60956911dc7
  GoogleMaps: b20a103ff307f58392e603cf142e59d7e30374c1
  INTULocationManager: 73f8254b3d05c897c56bb13c190e5b7c648c0998
  JTCalendar: 57a4420f12d10c93c3b28da96803e7043d1c9281
  LMGeocoder: 84027708180aae8eb47eb314bcc2e794e289eb7f
  Realm: e15cd8e7c11d3e576f628ba0b7cb855269b4991c

PODFILE CHECKSUM: 29ab14c242d0ce419892a815beba0b6c46bc8a95

COCOAPODS: 1.0.0.beta.5
