PODS:
  - Crashlytics (3.7.0):
    - Fabric (~> 1.6.3)
  - Fabric (1.6.7)
  - JTCalendar (2.1.5)
  - Realm (0.101.0):
    - Realm/Headers (= 0.101.0)
  - Realm/Headers (0.101.0)

DEPENDENCIES:
  - Crashlytics
  - Fabric
  - JTCalendar (from `https://github.com/tercteberc/JTCalendar.git`)
  - Realm

EXTERNAL SOURCES:
  JTCalendar:
    :git: https://github.com/tercteberc/JTCalendar.git

CHECKOUT OPTIONS:
  JTCalendar:
    :commit: e9336cb3a7f09a16f47e0b833d7e206af30aa2e1
    :git: https://github.com/tercteberc/JTCalendar.git

SPEC CHECKSUMS:
  Crashlytics: c3a2333dea9e2733d2777f730910321fc9e25c0d
  Fabric: caf7580c725e64db144f610ac65cd60956911dc7
  JTCalendar: 57a4420f12d10c93c3b28da96803e7043d1c9281
  Realm: b21596d6d7e1c054f6fae967d27263d2593ca309

PODFILE CHECKSUM: 3f25c7cceefdd52884a22a78a70197df49cbd038

COCOAPODS: 1.0.0.beta.5
