<?xml version="1.0" encoding="UTF-8"?>
<!DOCTYPE plist PUBLIC "-//Apple//DTD PLIST 1.0//EN" "http://www.apple.com/DTDs/PropertyList-1.0.dtd">
<plist version="1.0">
<dict>
	<key>archiveVersion</key>
	<string>1</string>
	<key>classes</key>
	<dict/>
	<key>objectVersion</key>
	<string>46</string>
	<key>objects</key>
	<dict>
		<key>037058D9869FE15B22045CF7</key>
		<dict>
			<key>children</key>
			<array>
				<string>8D1D053378046C5EED32A7F2</string>
				<string>5C79D6D6E7E5444A6D3E1D47</string>
				<string>3694AEA5FFABE2A068457E33</string>
				<string>C734BA199226E2253CFF86B8</string>
			</array>
			<key>isa</key>
			<string>PBXGroup</string>
			<key>name</key>
			<string>View</string>
			<key>path</key>
			<string>View</string>
			<key>sourceTree</key>
			<string>&lt;group&gt;</string>
		</dict>
		<key>061245DF3EB45A8D66AC2571</key>
		<dict>
			<key>fileRef</key>
			<string>0DA0EC6E0D0CD42B167760C0</string>
			<key>isa</key>
			<string>PBXBuildFile</string>
		</dict>
		<key>06DACCBD51D50FE341837E90</key>
		<dict>
			<key>children</key>
			<array>
				<string>83F13C5CA13518A5A307892F</string>
				<string>1711FDE48C46C3C7939F3B2B</string>
				<string>BC7DA2F59E89F42485160D80</string>
			</array>
			<key>isa</key>
			<string>PBXGroup</string>
			<key>name</key>
			<string>Router</string>
			<key>path</key>
			<string>Router</string>
			<key>sourceTree</key>
			<string>&lt;group&gt;</string>
		</dict>
		<key>08C266A5F6CEB36ED74B4A91</key>
		<dict>
			<key>includeInIndex</key>
			<string>1</string>
			<key>isa</key>
			<string>PBXFileReference</string>
			<key>lastKnownFileType</key>
			<string>sourcecode.c.h</string>
			<key>path</key>
			<string>BBTabbarViewInput.h</string>
			<key>sourceTree</key>
			<string>&lt;group&gt;</string>
		</dict>
		<key>0A61EF4B6172EAE96A54E7BE</key>
		<dict>
			<key>includeInIndex</key>
			<string>1</string>
			<key>isa</key>
			<string>PBXFileReference</string>
			<key>lastKnownFileType</key>
			<string>sourcecode.c.h</string>
			<key>path</key>
			<string>BBTabbarInteractorInput.h</string>
			<key>sourceTree</key>
			<string>&lt;group&gt;</string>
		</dict>
		<key>0C353FE0B174F0957E26F952</key>
		<dict>
			<key>fileRef</key>
			<string>A613B663F642C98586B33722</string>
			<key>isa</key>
			<string>PBXBuildFile</string>
		</dict>
		<key>0D57CA40624BF251DDD1221E</key>
		<dict>
			<key>includeInIndex</key>
			<string>1</string>
			<key>isa</key>
			<string>PBXFileReference</string>
			<key>lastKnownFileType</key>
			<string>sourcecode.c.h</string>
			<key>path</key>
			<string>BBTabbarRouterInput.h</string>
			<key>sourceTree</key>
			<string>&lt;group&gt;</string>
		</dict>
		<key>0DA0EC6E0D0CD42B167760C0</key>
		<dict>
			<key>includeInIndex</key>
			<string>1</string>
			<key>isa</key>
			<string>PBXFileReference</string>
			<key>lastKnownFileType</key>
			<string>sourcecode.c.objc</string>
			<key>path</key>
			<string>BBTestAssembly.m</string>
			<key>sourceTree</key>
			<string>&lt;group&gt;</string>
		</dict>
		<key>0DB8640C2F6BF91E90ED2122</key>
		<dict>
			<key>children</key>
			<array>
				<string>E65DD5DE90BF2B39AFFD6AB0</string>
				<string>1B0515B7C58C3965444E2ACB</string>
				<string>17305A3DA111F5C66D51836D</string>
			</array>
			<key>isa</key>
			<string>PBXGroup</string>
			<key>path</key>
			<string>Router</string>
			<key>sourceTree</key>
			<string>&lt;group&gt;</string>
		</dict>
		<key>0F144C805EE3AC51D99FCFDA</key>
		<dict>
			<key>includeInIndex</key>
			<string>1</string>
			<key>isa</key>
			<string>PBXFileReference</string>
			<key>lastKnownFileType</key>
			<string>sourcecode.c.objc</string>
			<key>path</key>
			<string>BBTabbarInteractor.m</string>
			<key>sourceTree</key>
			<string>&lt;group&gt;</string>
		</dict>
		<key>145A746E745C8F63711324EC</key>
		<dict>
			<key>includeInIndex</key>
			<string>1</string>
			<key>isa</key>
			<string>PBXFileReference</string>
			<key>lastKnownFileType</key>
			<string>sourcecode.c.h</string>
			<key>path</key>
			<string>BBNavigationModuleInput.h</string>
			<key>sourceTree</key>
			<string>&lt;group&gt;</string>
		</dict>
		<key>1711FDE48C46C3C7939F3B2B</key>
		<dict>
			<key>includeInIndex</key>
			<string>1</string>
			<key>isa</key>
			<string>PBXFileReference</string>
			<key>lastKnownFileType</key>
			<string>sourcecode.c.h</string>
			<key>path</key>
			<string>BBNavigationRouter.h</string>
			<key>sourceTree</key>
			<string>&lt;group&gt;</string>
		</dict>
		<key>17305A3DA111F5C66D51836D</key>
		<dict>
			<key>includeInIndex</key>
			<string>1</string>
			<key>isa</key>
			<string>PBXFileReference</string>
			<key>lastKnownFileType</key>
			<string>sourcecode.c.objc</string>
			<key>path</key>
			<string>BBTestRouter.m</string>
			<key>sourceTree</key>
			<string>&lt;group&gt;</string>
		</dict>
		<key>1B0515B7C58C3965444E2ACB</key>
		<dict>
			<key>includeInIndex</key>
			<string>1</string>
			<key>isa</key>
			<string>PBXFileReference</string>
			<key>lastKnownFileType</key>
			<string>sourcecode.c.h</string>
			<key>path</key>
			<string>BBTestRouter.h</string>
			<key>sourceTree</key>
			<string>&lt;group&gt;</string>
		</dict>
		<key>1B7480272E0D400E3981B91A</key>
		<dict>
			<key>includeInIndex</key>
			<string>1</string>
			<key>isa</key>
			<string>PBXFileReference</string>
			<key>lastKnownFileType</key>
			<string>sourcecode.c.h</string>
			<key>path</key>
			<string>BBTabbarModuleInput.h</string>
			<key>sourceTree</key>
			<string>&lt;group&gt;</string>
		</dict>
		<key>1F94A1FB1291D9AAD2535E32</key>
		<dict>
			<key>children</key>
			<array>
				<string>A613B663F642C98586B33722</string>
			</array>
			<key>isa</key>
			<string>PBXGroup</string>
			<key>name</key>
			<string>Frameworks</string>
			<key>sourceTree</key>
			<string>&lt;group&gt;</string>
		</dict>
		<key>200F85E70C36A50D4C3C7EFF</key>
		<dict>
			<key>fileRef</key>
			<string>6B43BDADEC39C5FD818E7410</string>
			<key>isa</key>
			<string>PBXBuildFile</string>
		</dict>
		<key>210AF3DD46A1874881C76F17</key>
		<dict>
			<key>includeInIndex</key>
			<string>1</string>
			<key>isa</key>
			<string>PBXFileReference</string>
			<key>lastKnownFileType</key>
			<string>text.xcconfig</string>
			<key>name</key>
			<string>Pods-JustForYou.debug.xcconfig</string>
			<key>path</key>
			<string>Pods/Target Support Files/Pods-JustForYou/Pods-JustForYou.debug.xcconfig</string>
			<key>sourceTree</key>
			<string>&lt;group&gt;</string>
		</dict>
		<key>3568BA1618E58B872E515E7B</key>
		<dict>
			<key>children</key>
			<array>
				<string>0D57CA40624BF251DDD1221E</string>
				<string>F7F6FD30FA354E991F4F4733</string>
				<string>3E16F8AE08C4EDDC9D6EEC10</string>
			</array>
			<key>isa</key>
			<string>PBXGroup</string>
			<key>path</key>
			<string>Router</string>
			<key>sourceTree</key>
			<string>&lt;group&gt;</string>
		</dict>
		<key>3694AEA5FFABE2A068457E33</key>
		<dict>
			<key>includeInIndex</key>
			<string>1</string>
			<key>isa</key>
			<string>PBXFileReference</string>
			<key>lastKnownFileType</key>
			<string>sourcecode.c.h</string>
			<key>path</key>
			<string>BBNavigationViewController.h</string>
			<key>sourceTree</key>
			<string>&lt;group&gt;</string>
		</dict>
		<key>38738C4613A14E46EAA779BB</key>
		<dict>
			<key>includeInIndex</key>
			<string>1</string>
			<key>isa</key>
			<string>PBXFileReference</string>
			<key>lastKnownFileType</key>
			<string>sourcecode.c.h</string>
			<key>path</key>
			<string>BBTabbarInteractor.h</string>
			<key>sourceTree</key>
			<string>&lt;group&gt;</string>
		</dict>
		<key>3A1AB26B1C9D8F6B0070E065</key>
		<dict>
			<key>children</key>
			<array>
				<string>3A1AB26E1C9D8F6B0070E065</string>
				<string>3A1AB2811C9D917A0070E065</string>
				<string>3A1AB26C1C9D8F6B0070E065</string>
				<string>3A1AB26D1C9D8F6B0070E065</string>
				<string>3A1AB2821C9D97800070E065</string>
				<string>3A1AB27C1C9D91450070E065</string>
				<string>3A1AB26F1C9D8F6B0070E065</string>
			</array>
			<key>isa</key>
			<string>PBXGroup</string>
			<key>path</key>
			<string>Application</string>
			<key>sourceTree</key>
			<string>&lt;group&gt;</string>
		</dict>
		<key>3A1AB26C1C9D8F6B0070E065</key>
		<dict>
			<key>fileEncoding</key>
			<string>4</string>
			<key>isa</key>
			<string>PBXFileReference</string>
			<key>lastKnownFileType</key>
			<string>sourcecode.c.h</string>
			<key>path</key>
			<string>AppDelegate.h</string>
			<key>sourceTree</key>
			<string>&lt;group&gt;</string>
		</dict>
		<key>3A1AB26D1C9D8F6B0070E065</key>
		<dict>
			<key>fileEncoding</key>
			<string>4</string>
			<key>isa</key>
			<string>PBXFileReference</string>
			<key>lastKnownFileType</key>
			<string>sourcecode.c.objc</string>
			<key>path</key>
			<string>AppDelegate.m</string>
			<key>sourceTree</key>
			<string>&lt;group&gt;</string>
		</dict>
		<key>3A1AB26E1C9D8F6B0070E065</key>
		<dict>
			<key>isa</key>
			<string>PBXFileReference</string>
			<key>lastKnownFileType</key>
			<string>folder.assetcatalog</string>
			<key>path</key>
			<string>Assets.xcassets</string>
			<key>sourceTree</key>
			<string>&lt;group&gt;</string>
		</dict>
		<key>3A1AB26F1C9D8F6B0070E065</key>
		<dict>
			<key>children</key>
			<array>
				<string>3A1AB2701C9D8F6B0070E065</string>
				<string>3A1AB2711C9D8F6B0070E065</string>
			</array>
			<key>isa</key>
			<string>PBXGroup</string>
			<key>path</key>
			<string>Storyboards</string>
			<key>sourceTree</key>
			<string>&lt;group&gt;</string>
		</dict>
		<key>3A1AB2701C9D8F6B0070E065</key>
		<dict>
			<key>fileEncoding</key>
			<string>4</string>
			<key>isa</key>
			<string>PBXFileReference</string>
			<key>lastKnownFileType</key>
			<string>file.storyboard</string>
			<key>path</key>
			<string>LaunchScreen.storyboard</string>
			<key>sourceTree</key>
			<string>&lt;group&gt;</string>
		</dict>
		<key>3A1AB2711C9D8F6B0070E065</key>
		<dict>
			<key>fileEncoding</key>
			<string>4</string>
			<key>isa</key>
			<string>PBXFileReference</string>
			<key>lastKnownFileType</key>
			<string>file.storyboard</string>
			<key>path</key>
			<string>Main.storyboard</string>
			<key>sourceTree</key>
			<string>&lt;group&gt;</string>
		</dict>
		<key>3A1AB2721C9D8F6B0070E065</key>
		<dict>
			<key>children</key>
			<array>
				<string>3A1AB2731C9D8F6B0070E065</string>
				<string>3A1AB2741C9D8F6B0070E065</string>
			</array>
			<key>isa</key>
			<string>PBXGroup</string>
			<key>path</key>
			<string>Supporting Files</string>
			<key>sourceTree</key>
			<string>&lt;group&gt;</string>
		</dict>
		<key>3A1AB2731C9D8F6B0070E065</key>
		<dict>
			<key>fileEncoding</key>
			<string>4</string>
			<key>isa</key>
			<string>PBXFileReference</string>
			<key>lastKnownFileType</key>
			<string>text.plist.xml</string>
			<key>path</key>
			<string>Info.plist</string>
			<key>sourceTree</key>
			<string>&lt;group&gt;</string>
		</dict>
		<key>3A1AB2741C9D8F6B0070E065</key>
		<dict>
			<key>fileEncoding</key>
			<string>4</string>
			<key>isa</key>
			<string>PBXFileReference</string>
			<key>lastKnownFileType</key>
			<string>sourcecode.c.objc</string>
			<key>path</key>
			<string>main.m</string>
			<key>sourceTree</key>
			<string>&lt;group&gt;</string>
		</dict>
		<key>3A1AB2751C9D8F6B0070E065</key>
		<dict>
			<key>children</key>
			<array>
				<string>AC000CE44108F093256C850C</string>
				<string>B8C9CFBFE050D8A00B42E7ED</string>
				<string>CB6B40037C45B3471E21BCBB</string>
			</array>
			<key>isa</key>
			<string>PBXGroup</string>
			<key>path</key>
			<string>UserStories</string>
			<key>sourceTree</key>
			<string>&lt;group&gt;</string>
		</dict>
		<key>3A1AB2761C9D8F6B0070E065</key>
		<dict>
			<key>fileRef</key>
			<string>3A1AB26D1C9D8F6B0070E065</string>
			<key>isa</key>
			<string>PBXBuildFile</string>
		</dict>
		<key>3A1AB2771C9D8F6B0070E065</key>
		<dict>
			<key>fileRef</key>
			<string>3A1AB26E1C9D8F6B0070E065</string>
			<key>isa</key>
			<string>PBXBuildFile</string>
		</dict>
		<key>3A1AB2781C9D8F6B0070E065</key>
		<dict>
			<key>fileRef</key>
			<string>3A1AB2701C9D8F6B0070E065</string>
			<key>isa</key>
			<string>PBXBuildFile</string>
		</dict>
		<key>3A1AB2791C9D8F6B0070E065</key>
		<dict>
			<key>fileRef</key>
			<string>3A1AB2711C9D8F6B0070E065</string>
			<key>isa</key>
			<string>PBXBuildFile</string>
		</dict>
		<key>3A1AB27B1C9D8F6B0070E065</key>
		<dict>
			<key>fileRef</key>
			<string>3A1AB2741C9D8F6B0070E065</string>
			<key>isa</key>
			<string>PBXBuildFile</string>
		</dict>
		<key>3A1AB27C1C9D91450070E065</key>
		<dict>
			<key>children</key>
			<array>
				<string>3A1AB27D1C9D91450070E065</string>
				<string>3A1AB27E1C9D91450070E065</string>
			</array>
			<key>isa</key>
			<string>PBXGroup</string>
			<key>path</key>
			<string>Helpers</string>
			<key>sourceTree</key>
			<string>&lt;group&gt;</string>
		</dict>
		<key>3A1AB27D1C9D91450070E065</key>
		<dict>
			<key>fileEncoding</key>
			<string>4</string>
			<key>isa</key>
			<string>PBXFileReference</string>
			<key>lastKnownFileType</key>
			<string>sourcecode.c.h</string>
			<key>path</key>
			<string>HelpQueue.h</string>
			<key>sourceTree</key>
			<string>&lt;group&gt;</string>
		</dict>
		<key>3A1AB27E1C9D91450070E065</key>
		<dict>
			<key>fileEncoding</key>
			<string>4</string>
			<key>isa</key>
			<string>PBXFileReference</string>
			<key>lastKnownFileType</key>
			<string>sourcecode.c.objc</string>
			<key>path</key>
			<string>HelpQueue.m</string>
			<key>sourceTree</key>
			<string>&lt;group&gt;</string>
		</dict>
		<key>3A1AB27F1C9D91450070E065</key>
		<dict>
			<key>fileRef</key>
			<string>3A1AB27E1C9D91450070E065</string>
			<key>isa</key>
			<string>PBXBuildFile</string>
		</dict>
		<key>3A1AB2811C9D917A0070E065</key>
		<dict>
			<key>fileEncoding</key>
			<string>4</string>
			<key>isa</key>
			<string>PBXFileReference</string>
			<key>lastKnownFileType</key>
			<string>sourcecode.c.h</string>
			<key>path</key>
			<string>PrefixHeader.pch</string>
			<key>sourceTree</key>
			<string>&lt;group&gt;</string>
		</dict>
		<key>3A1AB2821C9D97800070E065</key>
		<dict>
			<key>children</key>
			<array>
				<string>3A1AB2861C9D98B70070E065</string>
				<string>3A1AB2871C9D98B70070E065</string>
			</array>
			<key>isa</key>
			<string>PBXGroup</string>
			<key>path</key>
			<string>Preloader</string>
			<key>sourceTree</key>
			<string>&lt;group&gt;</string>
		</dict>
		<key>3A1AB2861C9D98B70070E065</key>
		<dict>
			<key>fileEncoding</key>
			<string>4</string>
			<key>isa</key>
			<string>PBXFileReference</string>
			<key>lastKnownFileType</key>
			<string>sourcecode.c.h</string>
			<key>path</key>
			<string>BBPreloader.h</string>
			<key>sourceTree</key>
			<string>&lt;group&gt;</string>
		</dict>
		<key>3A1AB2871C9D98B70070E065</key>
		<dict>
			<key>fileEncoding</key>
			<string>4</string>
			<key>isa</key>
			<string>PBXFileReference</string>
			<key>lastKnownFileType</key>
			<string>sourcecode.c.objc</string>
			<key>path</key>
			<string>BBPreloader.m</string>
			<key>sourceTree</key>
			<string>&lt;group&gt;</string>
		</dict>
		<key>3A1AB2881C9D98B70070E065</key>
		<dict>
			<key>fileRef</key>
			<string>3A1AB2871C9D98B70070E065</string>
			<key>isa</key>
			<string>PBXBuildFile</string>
		</dict>
		<key>3A20C3CE1CA3D1CE00082422</key>
		<dict>
			<key>children</key>
			<array>
				<string>3A20C3D21CA3D2AB00082422</string>
				<string>3A20C3D31CA3D2AB00082422</string>
				<string>3A20C3CF1CA3D1E700082422</string>
				<string>3A20C3D01CA3D1E700082422</string>
			</array>
			<key>isa</key>
			<string>PBXGroup</string>
			<key>path</key>
			<string>Views</string>
			<key>sourceTree</key>
			<string>&lt;group&gt;</string>
		</dict>
		<key>3A20C3CF1CA3D1E700082422</key>
		<dict>
			<key>fileEncoding</key>
			<string>4</string>
			<key>isa</key>
			<string>PBXFileReference</string>
			<key>lastKnownFileType</key>
			<string>sourcecode.c.h</string>
			<key>path</key>
			<string>BBContainerView.h</string>
			<key>sourceTree</key>
			<string>&lt;group&gt;</string>
		</dict>
		<key>3A20C3D01CA3D1E700082422</key>
		<dict>
			<key>fileEncoding</key>
			<string>4</string>
			<key>isa</key>
			<string>PBXFileReference</string>
			<key>lastKnownFileType</key>
			<string>sourcecode.c.objc</string>
			<key>path</key>
			<string>BBContainerView.m</string>
			<key>sourceTree</key>
			<string>&lt;group&gt;</string>
		</dict>
		<key>3A20C3D11CA3D1E700082422</key>
		<dict>
			<key>fileRef</key>
			<string>3A20C3D01CA3D1E700082422</string>
			<key>isa</key>
			<string>PBXBuildFile</string>
		</dict>
		<key>3A20C3D21CA3D2AB00082422</key>
		<dict>
			<key>fileEncoding</key>
			<string>4</string>
			<key>isa</key>
			<string>PBXFileReference</string>
			<key>lastKnownFileType</key>
			<string>sourcecode.c.h</string>
			<key>path</key>
			<string>BBTabBar.h</string>
			<key>sourceTree</key>
			<string>&lt;group&gt;</string>
		</dict>
		<key>3A20C3D31CA3D2AB00082422</key>
		<dict>
			<key>fileEncoding</key>
			<string>4</string>
			<key>isa</key>
			<string>PBXFileReference</string>
			<key>lastKnownFileType</key>
			<string>sourcecode.c.objc</string>
			<key>path</key>
			<string>BBTabBar.m</string>
			<key>sourceTree</key>
			<string>&lt;group&gt;</string>
		</dict>
		<key>3A20C3D41CA3D2AB00082422</key>
		<dict>
			<key>fileRef</key>
			<string>3A20C3D31CA3D2AB00082422</string>
			<key>isa</key>
			<string>PBXBuildFile</string>
		</dict>
		<key>3A2A2E651C9D8CE900CA19E1</key>
		<dict>
			<key>children</key>
			<array>
				<string>3A1AB26B1C9D8F6B0070E065</string>
				<string>3A1AB2751C9D8F6B0070E065</string>
				<string>3A1AB2721C9D8F6B0070E065</string>
				<string>3A2A2E6F1C9D8CE900CA19E1</string>
				<string>9A97758BB14ED787FF652F5D</string>
				<string>1F94A1FB1291D9AAD2535E32</string>
			</array>
			<key>isa</key>
			<string>PBXGroup</string>
			<key>sourceTree</key>
			<string>&lt;group&gt;</string>
		</dict>
		<key>3A2A2E661C9D8CE900CA19E1</key>
		<dict>
			<key>attributes</key>
			<dict>
				<key>CLASSPREFIX</key>
				<string>BB</string>
				<key>LastUpgradeCheck</key>
				<string>0720</string>
				<key>ORGANIZATIONNAME</key>
				<string>BinaryBlitz</string>
				<key>TargetAttributes</key>
				<dict>
					<key>3A2A2E6D1C9D8CE900CA19E1</key>
					<dict>
						<key>CreatedOnToolsVersion</key>
						<string>7.2.1</string>
						<key>DevelopmentTeam</key>
						<string>4WGG8V34K4</string>
					</dict>
				</dict>
			</dict>
			<key>buildConfigurationList</key>
			<string>3A2A2E691C9D8CE900CA19E1</string>
			<key>compatibilityVersion</key>
			<string>Xcode 3.2</string>
			<key>developmentRegion</key>
			<string>English</string>
			<key>hasScannedForEncodings</key>
			<string>0</string>
			<key>isa</key>
			<string>PBXProject</string>
			<key>knownRegions</key>
			<array>
				<string>en</string>
				<string>Base</string>
			</array>
			<key>mainGroup</key>
			<string>3A2A2E651C9D8CE900CA19E1</string>
			<key>productRefGroup</key>
			<string>3A2A2E6F1C9D8CE900CA19E1</string>
			<key>projectDirPath</key>
			<string></string>
			<key>projectReferences</key>
			<array/>
			<key>projectRoot</key>
			<string></string>
			<key>targets</key>
			<array>
				<string>3A2A2E6D1C9D8CE900CA19E1</string>
			</array>
		</dict>
		<key>3A2A2E691C9D8CE900CA19E1</key>
		<dict>
			<key>buildConfigurations</key>
			<array>
				<string>3A2A2E831C9D8CEA00CA19E1</string>
				<string>3A2A2E841C9D8CEA00CA19E1</string>
			</array>
			<key>defaultConfigurationIsVisible</key>
			<string>0</string>
			<key>defaultConfigurationName</key>
			<string>Release</string>
			<key>isa</key>
			<string>XCConfigurationList</string>
		</dict>
		<key>3A2A2E6A1C9D8CE900CA19E1</key>
		<dict>
			<key>buildActionMask</key>
			<string>2147483647</string>
			<key>files</key>
			<array>
				<string>3A20C3D11CA3D1E700082422</string>
				<string>3A1AB27B1C9D8F6B0070E065</string>
				<string>3A1AB27F1C9D91450070E065</string>
				<string>3A1AB2761C9D8F6B0070E065</string>
				<string>061245DF3EB45A8D66AC2571</string>
				<string>3A20C3D41CA3D2AB00082422</string>
				<string>4D4B9B637D27FA55DD90E942</string>
				<string>3A1AB2881C9D98B70070E065</string>
				<string>96187D143F1BA98339B290DD</string>
				<string>200F85E70C36A50D4C3C7EFF</string>
				<string>B62392975B04EFC9DB1B444B</string>
				<string>B8D388A271DA2C6B1AA0DE2B</string>
				<string>D76D973745BFA25EF7348DC8</string>
				<string>D4F1646A6B7F8EF39D607719</string>
				<string>E9527CCB8B6FAD0C4E96F108</string>
				<string>D4F3ECEFF8C2C762C45A63E2</string>
				<string>D8489B00ABB9D86C5DB6D7C2</string>
				<string>6EBF418FA5FCEC007AEED390</string>
				<string>8761578910FA5C7E1D647072</string>
				<string>8F72A137A100D48ED9CC2CDF</string>
				<string>F97D12098A9112E9AEC5FEE8</string>
			</array>
			<key>isa</key>
			<string>PBXSourcesBuildPhase</string>
			<key>runOnlyForDeploymentPostprocessing</key>
			<string>0</string>
		</dict>
		<key>3A2A2E6B1C9D8CE900CA19E1</key>
		<dict>
			<key>buildActionMask</key>
			<string>2147483647</string>
			<key>files</key>
			<array>
				<string>0C353FE0B174F0957E26F952</string>
			</array>
			<key>isa</key>
			<string>PBXFrameworksBuildPhase</string>
			<key>runOnlyForDeploymentPostprocessing</key>
			<string>0</string>
		</dict>
		<key>3A2A2E6C1C9D8CE900CA19E1</key>
		<dict>
			<key>buildActionMask</key>
			<string>2147483647</string>
			<key>files</key>
			<array>
				<string>3A1AB2791C9D8F6B0070E065</string>
				<string>3A1AB2771C9D8F6B0070E065</string>
				<string>3A1AB2781C9D8F6B0070E065</string>
			</array>
			<key>isa</key>
			<string>PBXResourcesBuildPhase</string>
			<key>runOnlyForDeploymentPostprocessing</key>
			<string>0</string>
		</dict>
		<key>3A2A2E6D1C9D8CE900CA19E1</key>
		<dict>
			<key>buildConfigurationList</key>
			<string>3A2A2E851C9D8CEA00CA19E1</string>
			<key>buildPhases</key>
			<array>
				<string>AB14DDB66F915B3C23782091</string>
				<string>3A2A2E6A1C9D8CE900CA19E1</string>
				<string>3A2A2E6B1C9D8CE900CA19E1</string>
				<string>3A2A2E6C1C9D8CE900CA19E1</string>
				<string>749D8AC93278DA395480D679</string>
				<string>AD4038CA48A2B8DA31243358</string>
			</array>
			<key>buildRules</key>
			<array/>
			<key>dependencies</key>
			<array/>
			<key>isa</key>
			<string>PBXNativeTarget</string>
			<key>name</key>
			<string>JustForYou</string>
			<key>productName</key>
			<string>JustForYou</string>
			<key>productReference</key>
			<string>3A2A2E6E1C9D8CE900CA19E1</string>
			<key>productType</key>
			<string>com.apple.product-type.application</string>
		</dict>
		<key>3A2A2E6E1C9D8CE900CA19E1</key>
		<dict>
			<key>explicitFileType</key>
			<string>wrapper.application</string>
			<key>includeInIndex</key>
			<string>0</string>
			<key>isa</key>
			<string>PBXFileReference</string>
			<key>path</key>
			<string>JustForYou.app</string>
			<key>sourceTree</key>
			<string>BUILT_PRODUCTS_DIR</string>
		</dict>
		<key>3A2A2E6F1C9D8CE900CA19E1</key>
		<dict>
			<key>children</key>
			<array>
				<string>3A2A2E6E1C9D8CE900CA19E1</string>
			</array>
			<key>isa</key>
			<string>PBXGroup</string>
			<key>name</key>
			<string>Products</string>
			<key>sourceTree</key>
			<string>&lt;group&gt;</string>
		</dict>
		<key>3A2A2E831C9D8CEA00CA19E1</key>
		<dict>
			<key>buildSettings</key>
			<dict>
				<key>ALWAYS_SEARCH_USER_PATHS</key>
				<string>NO</string>
				<key>CLANG_CXX_LANGUAGE_STANDARD</key>
				<string>gnu++0x</string>
				<key>CLANG_CXX_LIBRARY</key>
				<string>libc++</string>
				<key>CLANG_ENABLE_MODULES</key>
				<string>YES</string>
				<key>CLANG_ENABLE_OBJC_ARC</key>
				<string>YES</string>
				<key>CLANG_WARN_BOOL_CONVERSION</key>
				<string>YES</string>
				<key>CLANG_WARN_CONSTANT_CONVERSION</key>
				<string>YES</string>
				<key>CLANG_WARN_DIRECT_OBJC_ISA_USAGE</key>
				<string>YES_ERROR</string>
				<key>CLANG_WARN_EMPTY_BODY</key>
				<string>YES</string>
				<key>CLANG_WARN_ENUM_CONVERSION</key>
				<string>YES</string>
				<key>CLANG_WARN_INT_CONVERSION</key>
				<string>YES</string>
				<key>CLANG_WARN_OBJC_ROOT_CLASS</key>
				<string>YES_ERROR</string>
				<key>CLANG_WARN_UNREACHABLE_CODE</key>
				<string>YES</string>
				<key>CLANG_WARN__DUPLICATE_METHOD_MATCH</key>
				<string>YES</string>
				<key>CODE_SIGN_IDENTITY[sdk=iphoneos*]</key>
				<string>iPhone Developer</string>
				<key>COPY_PHASE_STRIP</key>
				<string>NO</string>
				<key>DEBUG_INFORMATION_FORMAT</key>
				<string>dwarf</string>
				<key>ENABLE_STRICT_OBJC_MSGSEND</key>
				<string>YES</string>
				<key>ENABLE_TESTABILITY</key>
				<string>YES</string>
				<key>GCC_C_LANGUAGE_STANDARD</key>
				<string>gnu99</string>
				<key>GCC_DYNAMIC_NO_PIC</key>
				<string>NO</string>
				<key>GCC_NO_COMMON_BLOCKS</key>
				<string>YES</string>
				<key>GCC_OPTIMIZATION_LEVEL</key>
				<string>0</string>
				<key>GCC_PREPROCESSOR_DEFINITIONS</key>
				<array>
					<string>DEBUG=1</string>
					<string>$(inherited)</string>
				</array>
				<key>GCC_WARN_64_TO_32_BIT_CONVERSION</key>
				<string>YES</string>
				<key>GCC_WARN_ABOUT_RETURN_TYPE</key>
				<string>YES_ERROR</string>
				<key>GCC_WARN_UNDECLARED_SELECTOR</key>
				<string>YES</string>
				<key>GCC_WARN_UNINITIALIZED_AUTOS</key>
				<string>YES_AGGRESSIVE</string>
				<key>GCC_WARN_UNUSED_FUNCTION</key>
				<string>YES</string>
				<key>GCC_WARN_UNUSED_VARIABLE</key>
				<string>YES</string>
				<key>IPHONEOS_DEPLOYMENT_TARGET</key>
				<string>9.2</string>
				<key>MTL_ENABLE_DEBUG_INFO</key>
				<string>YES</string>
				<key>ONLY_ACTIVE_ARCH</key>
				<string>YES</string>
				<key>SDKROOT</key>
				<string>iphoneos</string>
			</dict>
			<key>isa</key>
			<string>XCBuildConfiguration</string>
			<key>name</key>
			<string>Debug</string>
		</dict>
		<key>3A2A2E841C9D8CEA00CA19E1</key>
		<dict>
			<key>buildSettings</key>
			<dict>
				<key>ALWAYS_SEARCH_USER_PATHS</key>
				<string>NO</string>
				<key>CLANG_CXX_LANGUAGE_STANDARD</key>
				<string>gnu++0x</string>
				<key>CLANG_CXX_LIBRARY</key>
				<string>libc++</string>
				<key>CLANG_ENABLE_MODULES</key>
				<string>YES</string>
				<key>CLANG_ENABLE_OBJC_ARC</key>
				<string>YES</string>
				<key>CLANG_WARN_BOOL_CONVERSION</key>
				<string>YES</string>
				<key>CLANG_WARN_CONSTANT_CONVERSION</key>
				<string>YES</string>
				<key>CLANG_WARN_DIRECT_OBJC_ISA_USAGE</key>
				<string>YES_ERROR</string>
				<key>CLANG_WARN_EMPTY_BODY</key>
				<string>YES</string>
				<key>CLANG_WARN_ENUM_CONVERSION</key>
				<string>YES</string>
				<key>CLANG_WARN_INT_CONVERSION</key>
				<string>YES</string>
				<key>CLANG_WARN_OBJC_ROOT_CLASS</key>
				<string>YES_ERROR</string>
				<key>CLANG_WARN_UNREACHABLE_CODE</key>
				<string>YES</string>
				<key>CLANG_WARN__DUPLICATE_METHOD_MATCH</key>
				<string>YES</string>
				<key>CODE_SIGN_IDENTITY[sdk=iphoneos*]</key>
				<string>iPhone Developer</string>
				<key>COPY_PHASE_STRIP</key>
				<string>NO</string>
				<key>DEBUG_INFORMATION_FORMAT</key>
				<string>dwarf-with-dsym</string>
				<key>ENABLE_NS_ASSERTIONS</key>
				<string>NO</string>
				<key>ENABLE_STRICT_OBJC_MSGSEND</key>
				<string>YES</string>
				<key>GCC_C_LANGUAGE_STANDARD</key>
				<string>gnu99</string>
				<key>GCC_NO_COMMON_BLOCKS</key>
				<string>YES</string>
				<key>GCC_WARN_64_TO_32_BIT_CONVERSION</key>
				<string>YES</string>
				<key>GCC_WARN_ABOUT_RETURN_TYPE</key>
				<string>YES_ERROR</string>
				<key>GCC_WARN_UNDECLARED_SELECTOR</key>
				<string>YES</string>
				<key>GCC_WARN_UNINITIALIZED_AUTOS</key>
				<string>YES_AGGRESSIVE</string>
				<key>GCC_WARN_UNUSED_FUNCTION</key>
				<string>YES</string>
				<key>GCC_WARN_UNUSED_VARIABLE</key>
				<string>YES</string>
				<key>IPHONEOS_DEPLOYMENT_TARGET</key>
				<string>9.2</string>
				<key>MTL_ENABLE_DEBUG_INFO</key>
				<string>NO</string>
				<key>SDKROOT</key>
				<string>iphoneos</string>
				<key>VALIDATE_PRODUCT</key>
				<string>YES</string>
			</dict>
			<key>isa</key>
			<string>XCBuildConfiguration</string>
			<key>name</key>
			<string>Release</string>
		</dict>
		<key>3A2A2E851C9D8CEA00CA19E1</key>
		<dict>
			<key>buildConfigurations</key>
			<array>
				<string>3A2A2E861C9D8CEA00CA19E1</string>
				<string>3A2A2E871C9D8CEA00CA19E1</string>
			</array>
			<key>defaultConfigurationIsVisible</key>
			<string>0</string>
			<key>defaultConfigurationName</key>
			<string>Release</string>
			<key>isa</key>
			<string>XCConfigurationList</string>
		</dict>
		<key>3A2A2E861C9D8CEA00CA19E1</key>
		<dict>
			<key>baseConfigurationReference</key>
			<string>210AF3DD46A1874881C76F17</string>
			<key>buildSettings</key>
			<dict>
				<key>ASSETCATALOG_COMPILER_APPICON_NAME</key>
				<string>AppIcon</string>
				<key>CODE_SIGN_IDENTITY</key>
				<string>iPhone Developer</string>
				<key>GCC_PRECOMPILE_PREFIX_HEADER</key>
				<string>YES</string>
				<key>GCC_PREFIX_HEADER</key>
				<string>$(SRCROOT)/Application/PrefixHeader.pch</string>
				<key>INFOPLIST_FILE</key>
				<string>$(SRCROOT)/Supporting Files/Info.plist</string>
				<key>IPHONEOS_DEPLOYMENT_TARGET</key>
				<string>8.0</string>
				<key>LD_RUNPATH_SEARCH_PATHS</key>
				<string>$(inherited) @executable_path/Frameworks</string>
				<key>PRODUCT_BUNDLE_IDENTIFIER</key>
				<string>ru.binaryblitz.JustForYou</string>
				<key>PRODUCT_NAME</key>
				<string>$(TARGET_NAME)</string>
			</dict>
			<key>isa</key>
			<string>XCBuildConfiguration</string>
			<key>name</key>
			<string>Debug</string>
		</dict>
		<key>3A2A2E871C9D8CEA00CA19E1</key>
		<dict>
			<key>baseConfigurationReference</key>
			<string>3E4D5C9A768BEE391C410894</string>
			<key>buildSettings</key>
			<dict>
				<key>ASSETCATALOG_COMPILER_APPICON_NAME</key>
				<string>AppIcon</string>
				<key>CODE_SIGN_IDENTITY</key>
				<string>iPhone Developer</string>
				<key>GCC_PRECOMPILE_PREFIX_HEADER</key>
				<string>YES</string>
				<key>GCC_PREFIX_HEADER</key>
				<string>$(SRCROOT)/Application/PrefixHeader.pch</string>
				<key>INFOPLIST_FILE</key>
				<string>$(SRCROOT)/Supporting Files/Info.plist</string>
				<key>IPHONEOS_DEPLOYMENT_TARGET</key>
				<string>8.0</string>
				<key>LD_RUNPATH_SEARCH_PATHS</key>
				<string>$(inherited) @executable_path/Frameworks</string>
				<key>PRODUCT_BUNDLE_IDENTIFIER</key>
				<string>ru.binaryblitz.JustForYou</string>
				<key>PRODUCT_NAME</key>
				<string>$(TARGET_NAME)</string>
			</dict>
			<key>isa</key>
			<string>XCBuildConfiguration</string>
			<key>name</key>
			<string>Release</string>
		</dict>
		<key>3A868E4A898B7033819EE3F7</key>
		<dict>
			<key>includeInIndex</key>
			<string>1</string>
			<key>isa</key>
			<string>PBXFileReference</string>
			<key>lastKnownFileType</key>
			<string>sourcecode.c.h</string>
			<key>path</key>
			<string>BBTabbarAssembly.h</string>
			<key>sourceTree</key>
			<string>&lt;group&gt;</string>
		</dict>
		<key>3E16F8AE08C4EDDC9D6EEC10</key>
		<dict>
			<key>includeInIndex</key>
			<string>1</string>
			<key>isa</key>
			<string>PBXFileReference</string>
			<key>lastKnownFileType</key>
			<string>sourcecode.c.objc</string>
			<key>path</key>
			<string>BBTabbarRouter.m</string>
			<key>sourceTree</key>
			<string>&lt;group&gt;</string>
		</dict>
		<key>3E4D5C9A768BEE391C410894</key>
		<dict>
			<key>includeInIndex</key>
			<string>1</string>
			<key>isa</key>
			<string>PBXFileReference</string>
			<key>lastKnownFileType</key>
			<string>text.xcconfig</string>
			<key>name</key>
			<string>Pods-JustForYou.release.xcconfig</string>
			<key>path</key>
			<string>Pods/Target Support Files/Pods-JustForYou/Pods-JustForYou.release.xcconfig</string>
			<key>sourceTree</key>
			<string>&lt;group&gt;</string>
		</dict>
		<key>4472931FDFF7B8F773971794</key>
		<dict>
			<key>children</key>
			<array>
				<string>FC8C3BE15EEEF0444121550C</string>
				<string>FB76E4CADAE4D12BB3FBB174</string>
				<string>D58FC6C0C90F32840EF06BBC</string>
				<string>A94AD3DD4773AB5F0147BB86</string>
			</array>
			<key>isa</key>
			<string>PBXGroup</string>
			<key>name</key>
			<string>Interactor</string>
			<key>path</key>
			<string>Interactor</string>
			<key>sourceTree</key>
			<string>&lt;group&gt;</string>
		</dict>
		<key>470031563DF7B3AE6D30ABDA</key>
		<dict>
			<key>includeInIndex</key>
			<string>1</string>
			<key>isa</key>
			<string>PBXFileReference</string>
			<key>lastKnownFileType</key>
			<string>sourcecode.c.objc</string>
			<key>path</key>
			<string>BBNavigationPresenter.m</string>
			<key>sourceTree</key>
			<string>&lt;group&gt;</string>
		</dict>
		<key>47EDB7173B7BDAD4C63A09D7</key>
		<dict>
			<key>includeInIndex</key>
			<string>1</string>
			<key>isa</key>
			<string>PBXFileReference</string>
			<key>lastKnownFileType</key>
			<string>sourcecode.c.h</string>
			<key>path</key>
			<string>BBTestPresenter.h</string>
			<key>sourceTree</key>
			<string>&lt;group&gt;</string>
		</dict>
		<key>4ACB3BEC8E15C4CD78F5B191</key>
		<dict>
			<key>children</key>
			<array>
				<string>53D3984551BB7C53BF279945</string>
				<string>47EDB7173B7BDAD4C63A09D7</string>
				<string>8A0DA98BCF076DDEE32615BC</string>
			</array>
			<key>isa</key>
			<string>PBXGroup</string>
			<key>path</key>
			<string>Presenter</string>
			<key>sourceTree</key>
			<string>&lt;group&gt;</string>
		</dict>
		<key>4D4B9B637D27FA55DD90E942</key>
		<dict>
			<key>fileRef</key>
			<string>7328278FD76F506BA1FD1E79</string>
			<key>isa</key>
			<string>PBXBuildFile</string>
		</dict>
		<key>51995419BD5E0B905CBAA75B</key>
		<dict>
			<key>children</key>
			<array>
				<string>0A61EF4B6172EAE96A54E7BE</string>
				<string>D63EC79F5396CE6C9FCD0133</string>
				<string>38738C4613A14E46EAA779BB</string>
				<string>0F144C805EE3AC51D99FCFDA</string>
			</array>
			<key>isa</key>
			<string>PBXGroup</string>
			<key>path</key>
			<string>Interactor</string>
			<key>sourceTree</key>
			<string>&lt;group&gt;</string>
		</dict>
		<key>53D3984551BB7C53BF279945</key>
		<dict>
			<key>includeInIndex</key>
			<string>1</string>
			<key>isa</key>
			<string>PBXFileReference</string>
			<key>lastKnownFileType</key>
			<string>sourcecode.c.h</string>
			<key>path</key>
			<string>BBTestModuleInput.h</string>
			<key>sourceTree</key>
			<string>&lt;group&gt;</string>
		</dict>
		<key>5B23A5451F68D7E6AE817041</key>
		<dict>
			<key>children</key>
			<array>
				<string>72769222422C27926C4009AB</string>
				<string>A1D569B76752F07389DCC730</string>
				<string>7DF79BBF996635B2E65F0754</string>
				<string>7328278FD76F506BA1FD1E79</string>
			</array>
			<key>isa</key>
			<string>PBXGroup</string>
			<key>path</key>
			<string>View</string>
			<key>sourceTree</key>
			<string>&lt;group&gt;</string>
		</dict>
		<key>5C79D6D6E7E5444A6D3E1D47</key>
		<dict>
			<key>includeInIndex</key>
			<string>1</string>
			<key>isa</key>
			<string>PBXFileReference</string>
			<key>lastKnownFileType</key>
			<string>sourcecode.c.h</string>
			<key>path</key>
			<string>BBNavigationViewOutput.h</string>
			<key>sourceTree</key>
			<string>&lt;group&gt;</string>
		</dict>
		<key>6AE06E17F3BFAE9FCE88CF51</key>
		<dict>
			<key>includeInIndex</key>
			<string>1</string>
			<key>isa</key>
			<string>PBXFileReference</string>
			<key>lastKnownFileType</key>
			<string>sourcecode.c.h</string>
			<key>path</key>
			<string>BBTabbarPresenter.h</string>
			<key>sourceTree</key>
			<string>&lt;group&gt;</string>
		</dict>
		<key>6B43BDADEC39C5FD818E7410</key>
		<dict>
			<key>includeInIndex</key>
			<string>1</string>
			<key>isa</key>
			<string>PBXFileReference</string>
			<key>lastKnownFileType</key>
			<string>sourcecode.c.objc</string>
			<key>path</key>
			<string>BBTestInteractor.m</string>
			<key>sourceTree</key>
			<string>&lt;group&gt;</string>
		</dict>
		<key>6BDD38854E6E76157E95317B</key>
		<dict>
			<key>children</key>
			<array>
				<string>AD412903D509F98E68D2E48C</string>
				<string>9552C2654A4C2468CBDCE035</string>
			</array>
			<key>isa</key>
			<string>PBXGroup</string>
			<key>name</key>
			<string>Assembly</string>
			<key>path</key>
			<string>Assembly</string>
			<key>sourceTree</key>
			<string>&lt;group&gt;</string>
		</dict>
		<key>6EBF418FA5FCEC007AEED390</key>
		<dict>
			<key>fileRef</key>
			<string>C734BA199226E2253CFF86B8</string>
			<key>isa</key>
			<string>PBXBuildFile</string>
		</dict>
		<key>72769222422C27926C4009AB</key>
		<dict>
			<key>includeInIndex</key>
			<string>1</string>
			<key>isa</key>
			<string>PBXFileReference</string>
			<key>lastKnownFileType</key>
			<string>sourcecode.c.h</string>
			<key>path</key>
			<string>BBTestViewInput.h</string>
			<key>sourceTree</key>
			<string>&lt;group&gt;</string>
		</dict>
		<key>7328278FD76F506BA1FD1E79</key>
		<dict>
			<key>includeInIndex</key>
			<string>1</string>
			<key>isa</key>
			<string>PBXFileReference</string>
			<key>lastKnownFileType</key>
			<string>sourcecode.c.objc</string>
			<key>path</key>
			<string>BBTestViewController.m</string>
			<key>sourceTree</key>
			<string>&lt;group&gt;</string>
		</dict>
		<key>749D8AC93278DA395480D679</key>
		<dict>
			<key>buildActionMask</key>
			<string>2147483647</string>
			<key>files</key>
			<array/>
			<key>inputPaths</key>
			<array/>
			<key>isa</key>
			<string>PBXShellScriptBuildPhase</string>
			<key>name</key>
			<string>Embed Pods Frameworks</string>
			<key>outputPaths</key>
			<array/>
			<key>runOnlyForDeploymentPostprocessing</key>
			<string>0</string>
			<key>shellPath</key>
			<string>/bin/sh</string>
			<key>shellScript</key>
			<string>"${SRCROOT}/Pods/Target Support Files/Pods-JustForYou/Pods-JustForYou-frameworks.sh"
</string>
			<key>showEnvVarsInLog</key>
			<string>0</string>
		</dict>
		<key>779AEF644CA95757C37459F1</key>
		<dict>
			<key>includeInIndex</key>
			<string>1</string>
			<key>isa</key>
			<string>PBXFileReference</string>
			<key>lastKnownFileType</key>
			<string>sourcecode.c.objc</string>
			<key>path</key>
			<string>BBTabbarViewController.m</string>
			<key>sourceTree</key>
			<string>&lt;group&gt;</string>
		</dict>
		<key>7DF79BBF996635B2E65F0754</key>
		<dict>
			<key>includeInIndex</key>
			<string>1</string>
			<key>isa</key>
			<string>PBXFileReference</string>
			<key>lastKnownFileType</key>
			<string>sourcecode.c.h</string>
			<key>path</key>
			<string>BBTestViewController.h</string>
			<key>sourceTree</key>
			<string>&lt;group&gt;</string>
		</dict>
		<key>83F13C5CA13518A5A307892F</key>
		<dict>
			<key>includeInIndex</key>
			<string>1</string>
			<key>isa</key>
			<string>PBXFileReference</string>
			<key>lastKnownFileType</key>
			<string>sourcecode.c.h</string>
			<key>path</key>
			<string>BBNavigationRouterInput.h</string>
			<key>sourceTree</key>
			<string>&lt;group&gt;</string>
		</dict>
		<key>8761578910FA5C7E1D647072</key>
		<dict>
			<key>fileRef</key>
			<string>470031563DF7B3AE6D30ABDA</string>
			<key>isa</key>
			<string>PBXBuildFile</string>
		</dict>
		<key>88319AC21AA687D93458A272</key>
		<dict>
			<key>children</key>
			<array>
				<string>99E35A88B69EA933491E223D</string>
				<string>C3C157BE70B9057D297ADEE4</string>
				<string>C510D3AE44432923123DB6BA</string>
				<string>6B43BDADEC39C5FD818E7410</string>
			</array>
			<key>isa</key>
			<string>PBXGroup</string>
			<key>path</key>
			<string>Interactor</string>
			<key>sourceTree</key>
			<string>&lt;group&gt;</string>
		</dict>
		<key>8A0DA98BCF076DDEE32615BC</key>
		<dict>
			<key>includeInIndex</key>
			<string>1</string>
			<key>isa</key>
			<string>PBXFileReference</string>
			<key>lastKnownFileType</key>
			<string>sourcecode.c.objc</string>
			<key>path</key>
			<string>BBTestPresenter.m</string>
			<key>sourceTree</key>
			<string>&lt;group&gt;</string>
		</dict>
		<key>8D1D053378046C5EED32A7F2</key>
		<dict>
			<key>includeInIndex</key>
			<string>1</string>
			<key>isa</key>
			<string>PBXFileReference</string>
			<key>lastKnownFileType</key>
			<string>sourcecode.c.h</string>
			<key>path</key>
			<string>BBNavigationViewInput.h</string>
			<key>sourceTree</key>
			<string>&lt;group&gt;</string>
		</dict>
		<key>8F72A137A100D48ED9CC2CDF</key>
		<dict>
			<key>fileRef</key>
			<string>A94AD3DD4773AB5F0147BB86</string>
			<key>isa</key>
			<string>PBXBuildFile</string>
		</dict>
		<key>9552C2654A4C2468CBDCE035</key>
		<dict>
			<key>includeInIndex</key>
			<string>1</string>
			<key>isa</key>
			<string>PBXFileReference</string>
			<key>lastKnownFileType</key>
			<string>sourcecode.c.objc</string>
			<key>path</key>
			<string>BBNavigationAssembly.m</string>
			<key>sourceTree</key>
			<string>&lt;group&gt;</string>
		</dict>
		<key>96187D143F1BA98339B290DD</key>
		<dict>
			<key>fileRef</key>
			<string>8A0DA98BCF076DDEE32615BC</string>
			<key>isa</key>
			<string>PBXBuildFile</string>
		</dict>
		<key>99183C0BB95FC217BF793B6B</key>
		<dict>
			<key>includeInIndex</key>
			<string>1</string>
			<key>isa</key>
			<string>PBXFileReference</string>
			<key>lastKnownFileType</key>
			<string>sourcecode.c.h</string>
			<key>path</key>
			<string>BBTabbarViewOutput.h</string>
			<key>sourceTree</key>
			<string>&lt;group&gt;</string>
		</dict>
		<key>99E35A88B69EA933491E223D</key>
		<dict>
			<key>includeInIndex</key>
			<string>1</string>
			<key>isa</key>
			<string>PBXFileReference</string>
			<key>lastKnownFileType</key>
			<string>sourcecode.c.h</string>
			<key>path</key>
			<string>BBTestInteractorInput.h</string>
			<key>sourceTree</key>
			<string>&lt;group&gt;</string>
		</dict>
		<key>99FD7BD19D92361B78A26F9F</key>
		<dict>
			<key>includeInIndex</key>
			<string>1</string>
			<key>isa</key>
			<string>PBXFileReference</string>
			<key>lastKnownFileType</key>
			<string>sourcecode.c.objc</string>
			<key>path</key>
			<string>BBTabbarAssembly.m</string>
			<key>sourceTree</key>
			<string>&lt;group&gt;</string>
		</dict>
		<key>9A97758BB14ED787FF652F5D</key>
		<dict>
			<key>children</key>
			<array>
				<string>210AF3DD46A1874881C76F17</string>
				<string>3E4D5C9A768BEE391C410894</string>
			</array>
			<key>isa</key>
			<string>PBXGroup</string>
			<key>name</key>
			<string>Pods</string>
			<key>sourceTree</key>
			<string>&lt;group&gt;</string>
		</dict>
		<key>9F960D4B6BB7BF25CA339F10</key>
		<dict>
			<key>children</key>
			<array>
				<string>1B7480272E0D400E3981B91A</string>
				<string>6AE06E17F3BFAE9FCE88CF51</string>
				<string>AC4BE778D1859B7D6ECAC861</string>
			</array>
			<key>isa</key>
			<string>PBXGroup</string>
			<key>path</key>
			<string>Presenter</string>
			<key>sourceTree</key>
			<string>&lt;group&gt;</string>
		</dict>
		<key>A1D569B76752F07389DCC730</key>
		<dict>
			<key>includeInIndex</key>
			<string>1</string>
			<key>isa</key>
			<string>PBXFileReference</string>
			<key>lastKnownFileType</key>
			<string>sourcecode.c.h</string>
			<key>path</key>
			<string>BBTestViewOutput.h</string>
			<key>sourceTree</key>
			<string>&lt;group&gt;</string>
		</dict>
		<key>A613B663F642C98586B33722</key>
		<dict>
			<key>explicitFileType</key>
			<string>archive.ar</string>
			<key>includeInIndex</key>
			<string>0</string>
			<key>isa</key>
			<string>PBXFileReference</string>
			<key>path</key>
			<string>libPods-JustForYou.a</string>
			<key>sourceTree</key>
			<string>BUILT_PRODUCTS_DIR</string>
		</dict>
		<key>A94AD3DD4773AB5F0147BB86</key>
		<dict>
			<key>includeInIndex</key>
			<string>1</string>
			<key>isa</key>
			<string>PBXFileReference</string>
			<key>lastKnownFileType</key>
			<string>sourcecode.c.objc</string>
			<key>path</key>
			<string>BBNavigationInteractor.m</string>
			<key>sourceTree</key>
			<string>&lt;group&gt;</string>
		</dict>
		<key>AB14DDB66F915B3C23782091</key>
		<dict>
			<key>buildActionMask</key>
			<string>2147483647</string>
			<key>files</key>
			<array/>
			<key>inputPaths</key>
			<array/>
			<key>isa</key>
			<string>PBXShellScriptBuildPhase</string>
			<key>name</key>
			<string>Check Pods Manifest.lock</string>
			<key>outputPaths</key>
			<array/>
			<key>runOnlyForDeploymentPostprocessing</key>
			<string>0</string>
			<key>shellPath</key>
			<string>/bin/sh</string>
			<key>shellScript</key>
			<string>diff "${PODS_ROOT}/../Podfile.lock" "${PODS_ROOT}/Manifest.lock" &gt; /dev/null
if [[ $? != 0 ]] ; then
    cat &lt;&lt; EOM
error: The sandbox is not in sync with the Podfile.lock. Run 'pod install' or update your CocoaPods installation.
EOM
    exit 1
fi
</string>
			<key>showEnvVarsInLog</key>
			<string>0</string>
		</dict>
		<key>AC000CE44108F093256C850C</key>
		<dict>
			<key>children</key>
			<array>
				<string>B312FD77DDBA69EEFEE60323</string>
				<string>5B23A5451F68D7E6AE817041</string>
				<string>4ACB3BEC8E15C4CD78F5B191</string>
				<string>88319AC21AA687D93458A272</string>
				<string>0DB8640C2F6BF91E90ED2122</string>
			</array>
			<key>isa</key>
			<string>PBXGroup</string>
			<key>path</key>
			<string>Test</string>
			<key>sourceTree</key>
			<string>&lt;group&gt;</string>
		</dict>
		<key>AC4BE778D1859B7D6ECAC861</key>
		<dict>
			<key>includeInIndex</key>
			<string>1</string>
			<key>isa</key>
			<string>PBXFileReference</string>
			<key>lastKnownFileType</key>
			<string>sourcecode.c.objc</string>
			<key>path</key>
			<string>BBTabbarPresenter.m</string>
			<key>sourceTree</key>
			<string>&lt;group&gt;</string>
		</dict>
		<key>AD4038CA48A2B8DA31243358</key>
		<dict>
			<key>buildActionMask</key>
			<string>2147483647</string>
			<key>files</key>
			<array/>
			<key>inputPaths</key>
			<array/>
			<key>isa</key>
			<string>PBXShellScriptBuildPhase</string>
			<key>name</key>
			<string>Copy Pods Resources</string>
			<key>outputPaths</key>
			<array/>
			<key>runOnlyForDeploymentPostprocessing</key>
			<string>0</string>
			<key>shellPath</key>
			<string>/bin/sh</string>
			<key>shellScript</key>
			<string>"${SRCROOT}/Pods/Target Support Files/Pods-JustForYou/Pods-JustForYou-resources.sh"
</string>
			<key>showEnvVarsInLog</key>
			<string>0</string>
		</dict>
		<key>AD412903D509F98E68D2E48C</key>
		<dict>
			<key>includeInIndex</key>
			<string>1</string>
			<key>isa</key>
			<string>PBXFileReference</string>
			<key>lastKnownFileType</key>
			<string>sourcecode.c.h</string>
			<key>path</key>
			<string>BBNavigationAssembly.h</string>
			<key>sourceTree</key>
			<string>&lt;group&gt;</string>
		</dict>
		<key>B312FD77DDBA69EEFEE60323</key>
		<dict>
			<key>children</key>
			<array>
				<string>C393C490621928B10B9B188A</string>
				<string>0DA0EC6E0D0CD42B167760C0</string>
			</array>
			<key>isa</key>
			<string>PBXGroup</string>
			<key>path</key>
			<string>Assembly</string>
			<key>sourceTree</key>
			<string>&lt;group&gt;</string>
		</dict>
		<key>B62392975B04EFC9DB1B444B</key>
		<dict>
			<key>fileRef</key>
			<string>17305A3DA111F5C66D51836D</string>
			<key>isa</key>
			<string>PBXBuildFile</string>
		</dict>
		<key>B8C9CFBFE050D8A00B42E7ED</key>
		<dict>
			<key>children</key>
			<array>
				<string>BD38DBFD02C0ED2536CE601C</string>
				<string>C9E1068B07414F3448AF1AFD</string>
				<string>9F960D4B6BB7BF25CA339F10</string>
				<string>51995419BD5E0B905CBAA75B</string>
				<string>3568BA1618E58B872E515E7B</string>
			</array>
			<key>isa</key>
			<string>PBXGroup</string>
			<key>path</key>
			<string>Tabbar</string>
			<key>sourceTree</key>
			<string>&lt;group&gt;</string>
		</dict>
		<key>B8D388A271DA2C6B1AA0DE2B</key>
		<dict>
			<key>fileRef</key>
			<string>99FD7BD19D92361B78A26F9F</string>
			<key>isa</key>
			<string>PBXBuildFile</string>
		</dict>
		<key>BC7DA2F59E89F42485160D80</key>
		<dict>
			<key>includeInIndex</key>
			<string>1</string>
			<key>isa</key>
			<string>PBXFileReference</string>
			<key>lastKnownFileType</key>
			<string>sourcecode.c.objc</string>
			<key>path</key>
			<string>BBNavigationRouter.m</string>
			<key>sourceTree</key>
			<string>&lt;group&gt;</string>
		</dict>
		<key>BD38DBFD02C0ED2536CE601C</key>
		<dict>
			<key>children</key>
			<array>
				<string>3A868E4A898B7033819EE3F7</string>
				<string>99FD7BD19D92361B78A26F9F</string>
			</array>
			<key>isa</key>
			<string>PBXGroup</string>
			<key>path</key>
			<string>Assembly</string>
			<key>sourceTree</key>
			<string>&lt;group&gt;</string>
		</dict>
		<key>C245408D15FCB7B8BD0C0316</key>
		<dict>
			<key>includeInIndex</key>
			<string>1</string>
			<key>isa</key>
			<string>PBXFileReference</string>
			<key>lastKnownFileType</key>
			<string>sourcecode.c.h</string>
			<key>path</key>
			<string>BBNavigationPresenter.h</string>
			<key>sourceTree</key>
			<string>&lt;group&gt;</string>
		</dict>
		<key>C393C490621928B10B9B188A</key>
		<dict>
			<key>includeInIndex</key>
			<string>1</string>
			<key>isa</key>
			<string>PBXFileReference</string>
			<key>lastKnownFileType</key>
			<string>sourcecode.c.h</string>
			<key>path</key>
			<string>BBTestAssembly.h</string>
			<key>sourceTree</key>
			<string>&lt;group&gt;</string>
		</dict>
		<key>C3C157BE70B9057D297ADEE4</key>
		<dict>
			<key>includeInIndex</key>
			<string>1</string>
			<key>isa</key>
			<string>PBXFileReference</string>
			<key>lastKnownFileType</key>
			<string>sourcecode.c.h</string>
			<key>path</key>
			<string>BBTestInteractorOutput.h</string>
			<key>sourceTree</key>
			<string>&lt;group&gt;</string>
		</dict>
		<key>C424EE454EF4D12D3EEA7EA5</key>
		<dict>
			<key>children</key>
			<array>
				<string>145A746E745C8F63711324EC</string>
				<string>C245408D15FCB7B8BD0C0316</string>
				<string>470031563DF7B3AE6D30ABDA</string>
			</array>
			<key>isa</key>
			<string>PBXGroup</string>
			<key>name</key>
			<string>Presenter</string>
			<key>path</key>
			<string>Presenter</string>
			<key>sourceTree</key>
			<string>&lt;group&gt;</string>
		</dict>
		<key>C510D3AE44432923123DB6BA</key>
		<dict>
			<key>includeInIndex</key>
			<string>1</string>
			<key>isa</key>
			<string>PBXFileReference</string>
			<key>lastKnownFileType</key>
			<string>sourcecode.c.h</string>
			<key>path</key>
			<string>BBTestInteractor.h</string>
			<key>sourceTree</key>
			<string>&lt;group&gt;</string>
		</dict>
		<key>C734BA199226E2253CFF86B8</key>
		<dict>
			<key>includeInIndex</key>
			<string>1</string>
			<key>isa</key>
			<string>PBXFileReference</string>
			<key>lastKnownFileType</key>
			<string>sourcecode.c.objc</string>
			<key>path</key>
			<string>BBNavigationViewController.m</string>
			<key>sourceTree</key>
			<string>&lt;group&gt;</string>
		</dict>
		<key>C9E1068B07414F3448AF1AFD</key>
		<dict>
			<key>children</key>
			<array>
				<string>3A20C3CE1CA3D1CE00082422</string>
				<string>08C266A5F6CEB36ED74B4A91</string>
				<string>99183C0BB95FC217BF793B6B</string>
				<string>FA7C32A6353DE7B21A182FA5</string>
				<string>779AEF644CA95757C37459F1</string>
			</array>
			<key>isa</key>
			<string>PBXGroup</string>
			<key>path</key>
			<string>View</string>
			<key>sourceTree</key>
			<string>&lt;group&gt;</string>
		</dict>
		<key>CB6B40037C45B3471E21BCBB</key>
		<dict>
			<key>children</key>
			<array>
				<string>6BDD38854E6E76157E95317B</string>
				<string>037058D9869FE15B22045CF7</string>
				<string>C424EE454EF4D12D3EEA7EA5</string>
				<string>4472931FDFF7B8F773971794</string>
				<string>06DACCBD51D50FE341837E90</string>
			</array>
			<key>isa</key>
			<string>PBXGroup</string>
			<key>name</key>
			<string>Navigation</string>
			<key>path</key>
			<string>Navigation</string>
			<key>sourceTree</key>
			<string>&lt;group&gt;</string>
		</dict>
		<key>D4F1646A6B7F8EF39D607719</key>
		<dict>
			<key>fileRef</key>
			<string>AC4BE778D1859B7D6ECAC861</string>
			<key>isa</key>
			<string>PBXBuildFile</string>
		</dict>
		<key>D4F3ECEFF8C2C762C45A63E2</key>
		<dict>
			<key>fileRef</key>
			<string>3E16F8AE08C4EDDC9D6EEC10</string>
			<key>isa</key>
			<string>PBXBuildFile</string>
		</dict>
		<key>D58FC6C0C90F32840EF06BBC</key>
		<dict>
			<key>includeInIndex</key>
			<string>1</string>
			<key>isa</key>
			<string>PBXFileReference</string>
			<key>lastKnownFileType</key>
			<string>sourcecode.c.h</string>
			<key>path</key>
			<string>BBNavigationInteractor.h</string>
			<key>sourceTree</key>
			<string>&lt;group&gt;</string>
		</dict>
		<key>D63EC79F5396CE6C9FCD0133</key>
		<dict>
			<key>includeInIndex</key>
			<string>1</string>
			<key>isa</key>
			<string>PBXFileReference</string>
			<key>lastKnownFileType</key>
			<string>sourcecode.c.h</string>
			<key>path</key>
			<string>BBTabbarInteractorOutput.h</string>
			<key>sourceTree</key>
			<string>&lt;group&gt;</string>
		</dict>
		<key>D76D973745BFA25EF7348DC8</key>
		<dict>
			<key>fileRef</key>
			<string>779AEF644CA95757C37459F1</string>
			<key>isa</key>
			<string>PBXBuildFile</string>
		</dict>
		<key>D8489B00ABB9D86C5DB6D7C2</key>
		<dict>
			<key>fileRef</key>
			<string>9552C2654A4C2468CBDCE035</string>
			<key>isa</key>
			<string>PBXBuildFile</string>
		</dict>
		<key>E65DD5DE90BF2B39AFFD6AB0</key>
		<dict>
			<key>includeInIndex</key>
			<string>1</string>
			<key>isa</key>
			<string>PBXFileReference</string>
			<key>lastKnownFileType</key>
			<string>sourcecode.c.h</string>
			<key>path</key>
			<string>BBTestRouterInput.h</string>
			<key>sourceTree</key>
			<string>&lt;group&gt;</string>
		</dict>
		<key>E9527CCB8B6FAD0C4E96F108</key>
		<dict>
			<key>fileRef</key>
			<string>0F144C805EE3AC51D99FCFDA</string>
			<key>isa</key>
			<string>PBXBuildFile</string>
		</dict>
		<key>F7F6FD30FA354E991F4F4733</key>
		<dict>
			<key>includeInIndex</key>
			<string>1</string>
			<key>isa</key>
			<string>PBXFileReference</string>
			<key>lastKnownFileType</key>
			<string>sourcecode.c.h</string>
			<key>path</key>
			<string>BBTabbarRouter.h</string>
			<key>sourceTree</key>
			<string>&lt;group&gt;</string>
		</dict>
		<key>F97D12098A9112E9AEC5FEE8</key>
		<dict>
			<key>fileRef</key>
			<string>BC7DA2F59E89F42485160D80</string>
			<key>isa</key>
			<string>PBXBuildFile</string>
		</dict>
		<key>FA7C32A6353DE7B21A182FA5</key>
		<dict>
			<key>includeInIndex</key>
			<string>1</string>
			<key>isa</key>
			<string>PBXFileReference</string>
			<key>lastKnownFileType</key>
			<string>sourcecode.c.h</string>
			<key>path</key>
			<string>BBTabbarViewController.h</string>
			<key>sourceTree</key>
			<string>&lt;group&gt;</string>
		</dict>
		<key>FB76E4CADAE4D12BB3FBB174</key>
		<dict>
			<key>includeInIndex</key>
			<string>1</string>
			<key>isa</key>
			<string>PBXFileReference</string>
			<key>lastKnownFileType</key>
			<string>sourcecode.c.h</string>
			<key>path</key>
			<string>BBNavigationInteractorOutput.h</string>
			<key>sourceTree</key>
			<string>&lt;group&gt;</string>
		</dict>
		<key>FC8C3BE15EEEF0444121550C</key>
		<dict>
			<key>includeInIndex</key>
			<string>1</string>
			<key>isa</key>
			<string>PBXFileReference</string>
			<key>lastKnownFileType</key>
			<string>sourcecode.c.h</string>
			<key>path</key>
			<string>BBNavigationInteractorInput.h</string>
			<key>sourceTree</key>
			<string>&lt;group&gt;</string>
		</dict>
	</dict>
	<key>rootObject</key>
	<string>3A2A2E661C9D8CE900CA19E1</string>
</dict>
</plist>
