// !$*UTF8*$!
{
	archiveVersion = 1;
	classes = {
	};
	objectVersion = 46;
	objects = {

/* Begin PBXBuildFile section */
		061245DF3EB45A8D66AC2571 /* BBTestAssembly.m in Sources */ = {isa = PBXBuildFile; fileRef = 0DA0EC6E0D0CD42B167760C0 /* BBTestAssembly.m */; };
		0780FDC7DAB8AE95647D781B /* BBRegistrationInteractor.m in Sources */ = {isa = PBXBuildFile; fileRef = 9C13FBD18F4F86B3CEDCB374 /* BBRegistrationInteractor.m */; };
		0C353FE0B174F0957E26F952 /* libPods-JustForYou.a in Frameworks */ = {isa = PBXBuildFile; fileRef = A613B663F642C98586B33722 /* libPods-JustForYou.a */; };
		200F85E70C36A50D4C3C7EFF /* BBTestInteractor.m in Sources */ = {isa = PBXBuildFile; fileRef = 6B43BDADEC39C5FD818E7410 /* BBTestInteractor.m */; };
		3A1347501CA6B59B007A83ED /* Authorizate.storyboard in Resources */ = {isa = PBXBuildFile; fileRef = 3A13474F1CA6B59B007A83ED /* Authorizate.storyboard */; };
		3A1347551CA6B643007A83ED /* BBUserService.m in Sources */ = {isa = PBXBuildFile; fileRef = 3A1347541CA6B643007A83ED /* BBUserService.m */; };
		3A1347581CA6B6BE007A83ED /* BBUser.m in Sources */ = {isa = PBXBuildFile; fileRef = 3A1347571CA6B6BE007A83ED /* BBUser.m */; };
		3A1347601CA6BF5D007A83ED /* BBNavigationViewController.m in Sources */ = {isa = PBXBuildFile; fileRef = 3A13475D1CA6BF5D007A83ED /* BBNavigationViewController.m */; };
		3A1347651CA6C83B007A83ED /* BBUnderlineButton.m in Sources */ = {isa = PBXBuildFile; fileRef = 3A1347641CA6C83B007A83ED /* BBUnderlineButton.m */; };
		3A13476A1CA6CCCF007A83ED /* BBNumberPhoneTableViewCell.m in Sources */ = {isa = PBXBuildFile; fileRef = 3A1347681CA6CCCF007A83ED /* BBNumberPhoneTableViewCell.m */; };
		3A13476B1CA6CCCF007A83ED /* BBNumberPhoneTableViewCell.xib in Resources */ = {isa = PBXBuildFile; fileRef = 3A1347691CA6CCCF007A83ED /* BBNumberPhoneTableViewCell.xib */; };
		3A1AB2761C9D8F6B0070E065 /* AppDelegate.m in Sources */ = {isa = PBXBuildFile; fileRef = 3A1AB26D1C9D8F6B0070E065 /* AppDelegate.m */; };
		3A1AB2771C9D8F6B0070E065 /* Assets.xcassets in Resources */ = {isa = PBXBuildFile; fileRef = 3A1AB26E1C9D8F6B0070E065 /* Assets.xcassets */; };
		3A1AB2781C9D8F6B0070E065 /* LaunchScreen.storyboard in Resources */ = {isa = PBXBuildFile; fileRef = 3A1AB2701C9D8F6B0070E065 /* LaunchScreen.storyboard */; };
		3A1AB2791C9D8F6B0070E065 /* Main.storyboard in Resources */ = {isa = PBXBuildFile; fileRef = 3A1AB2711C9D8F6B0070E065 /* Main.storyboard */; };
		3A1AB27B1C9D8F6B0070E065 /* main.m in Sources */ = {isa = PBXBuildFile; fileRef = 3A1AB2741C9D8F6B0070E065 /* main.m */; };
		3A1AB27F1C9D91450070E065 /* HelpQueue.m in Sources */ = {isa = PBXBuildFile; fileRef = 3A1AB27E1C9D91450070E065 /* HelpQueue.m */; };
		3A1AB2881C9D98B70070E065 /* BBPreloader.m in Sources */ = {isa = PBXBuildFile; fileRef = 3A1AB2871C9D98B70070E065 /* BBPreloader.m */; };
		3A20C3D11CA3D1E700082422 /* BBContainerView.m in Sources */ = {isa = PBXBuildFile; fileRef = 3A20C3D01CA3D1E700082422 /* BBContainerView.m */; };
		3A20C3D41CA3D2AB00082422 /* BBTabBar.m in Sources */ = {isa = PBXBuildFile; fileRef = 3A20C3D31CA3D2AB00082422 /* BBTabBar.m */; };
		4953C4E90A3EAC45B96AFDE1 /* BBRegistrationAssembly.m in Sources */ = {isa = PBXBuildFile; fileRef = 3CF8624C38E8B2DB94AF58A6 /* BBRegistrationAssembly.m */; };
		4D4B9B637D27FA55DD90E942 /* BBTestViewController.m in Sources */ = {isa = PBXBuildFile; fileRef = 7328278FD76F506BA1FD1E79 /* BBTestViewController.m */; };
		6204659E23E3713EF391E3FA /* BBRegistrationViewController.m in Sources */ = {isa = PBXBuildFile; fileRef = 93565B930D579804455B32E9 /* BBRegistrationViewController.m */; };
		763A5D7AF3001A1EB829536C /* BBRegistrationPresenter.m in Sources */ = {isa = PBXBuildFile; fileRef = 924DCC341AFBEBC105B035AF /* BBRegistrationPresenter.m */; };
		81144EAE3C3F30B4F7ACDB06 /* BBRegistrationRouter.m in Sources */ = {isa = PBXBuildFile; fileRef = 6CCD33B46BF28601E1DB80DE /* BBRegistrationRouter.m */; };
		8761578910FA5C7E1D647072 /* BBNavigationPresenter.m in Sources */ = {isa = PBXBuildFile; fileRef = 470031563DF7B3AE6D30ABDA /* BBNavigationPresenter.m */; };
		8F72A137A100D48ED9CC2CDF /* BBNavigationInteractor.m in Sources */ = {isa = PBXBuildFile; fileRef = A94AD3DD4773AB5F0147BB86 /* BBNavigationInteractor.m */; };
		96187D143F1BA98339B290DD /* BBTestPresenter.m in Sources */ = {isa = PBXBuildFile; fileRef = 8A0DA98BCF076DDEE32615BC /* BBTestPresenter.m */; };
		B62392975B04EFC9DB1B444B /* BBTestRouter.m in Sources */ = {isa = PBXBuildFile; fileRef = 17305A3DA111F5C66D51836D /* BBTestRouter.m */; };
		B8D388A271DA2C6B1AA0DE2B /* BBTabbarAssembly.m in Sources */ = {isa = PBXBuildFile; fileRef = 99FD7BD19D92361B78A26F9F /* BBTabbarAssembly.m */; };
		D4F1646A6B7F8EF39D607719 /* BBTabbarPresenter.m in Sources */ = {isa = PBXBuildFile; fileRef = AC4BE778D1859B7D6ECAC861 /* BBTabbarPresenter.m */; };
		D4F3ECEFF8C2C762C45A63E2 /* BBTabbarRouter.m in Sources */ = {isa = PBXBuildFile; fileRef = 3E16F8AE08C4EDDC9D6EEC10 /* BBTabbarRouter.m */; };
		D76D973745BFA25EF7348DC8 /* BBTabbarViewController.m in Sources */ = {isa = PBXBuildFile; fileRef = 779AEF644CA95757C37459F1 /* BBTabbarViewController.m */; };
		D8489B00ABB9D86C5DB6D7C2 /* BBNavigationAssembly.m in Sources */ = {isa = PBXBuildFile; fileRef = 9552C2654A4C2468CBDCE035 /* BBNavigationAssembly.m */; };
		E9527CCB8B6FAD0C4E96F108 /* BBTabbarInteractor.m in Sources */ = {isa = PBXBuildFile; fileRef = 0F144C805EE3AC51D99FCFDA /* BBTabbarInteractor.m */; };
		F97D12098A9112E9AEC5FEE8 /* BBNavigationRouter.m in Sources */ = {isa = PBXBuildFile; fileRef = BC7DA2F59E89F42485160D80 /* BBNavigationRouter.m */; };
/* End PBXBuildFile section */

/* Begin PBXFileReference section */
		08C266A5F6CEB36ED74B4A91 /* BBTabbarViewInput.h */ = {isa = PBXFileReference; includeInIndex = 1; lastKnownFileType = sourcecode.c.h; path = BBTabbarViewInput.h; sourceTree = "<group>"; };
		0A61EF4B6172EAE96A54E7BE /* BBTabbarInteractorInput.h */ = {isa = PBXFileReference; includeInIndex = 1; lastKnownFileType = sourcecode.c.h; path = BBTabbarInteractorInput.h; sourceTree = "<group>"; };
		0D57CA40624BF251DDD1221E /* BBTabbarRouterInput.h */ = {isa = PBXFileReference; includeInIndex = 1; lastKnownFileType = sourcecode.c.h; path = BBTabbarRouterInput.h; sourceTree = "<group>"; };
		0DA0EC6E0D0CD42B167760C0 /* BBTestAssembly.m */ = {isa = PBXFileReference; includeInIndex = 1; lastKnownFileType = sourcecode.c.objc; path = BBTestAssembly.m; sourceTree = "<group>"; };
		0F144C805EE3AC51D99FCFDA /* BBTabbarInteractor.m */ = {isa = PBXFileReference; includeInIndex = 1; lastKnownFileType = sourcecode.c.objc; path = BBTabbarInteractor.m; sourceTree = "<group>"; };
		139E408C4C5F385B834303C2 /* BBRegistrationRouterInput.h */ = {isa = PBXFileReference; includeInIndex = 1; lastKnownFileType = sourcecode.c.h; path = BBRegistrationRouterInput.h; sourceTree = "<group>"; };
		145A746E745C8F63711324EC /* BBNavigationModuleInput.h */ = {isa = PBXFileReference; includeInIndex = 1; lastKnownFileType = sourcecode.c.h; path = BBNavigationModuleInput.h; sourceTree = "<group>"; };
		1500748619A7BD301E83D04C /* BBRegistrationInteractorInput.h */ = {isa = PBXFileReference; includeInIndex = 1; lastKnownFileType = sourcecode.c.h; path = BBRegistrationInteractorInput.h; sourceTree = "<group>"; };
		1711FDE48C46C3C7939F3B2B /* BBNavigationRouter.h */ = {isa = PBXFileReference; includeInIndex = 1; lastKnownFileType = sourcecode.c.h; path = BBNavigationRouter.h; sourceTree = "<group>"; };
		17305A3DA111F5C66D51836D /* BBTestRouter.m */ = {isa = PBXFileReference; includeInIndex = 1; lastKnownFileType = sourcecode.c.objc; path = BBTestRouter.m; sourceTree = "<group>"; };
		1B0515B7C58C3965444E2ACB /* BBTestRouter.h */ = {isa = PBXFileReference; includeInIndex = 1; lastKnownFileType = sourcecode.c.h; path = BBTestRouter.h; sourceTree = "<group>"; };
		1B7480272E0D400E3981B91A /* BBTabbarModuleInput.h */ = {isa = PBXFileReference; includeInIndex = 1; lastKnownFileType = sourcecode.c.h; path = BBTabbarModuleInput.h; sourceTree = "<group>"; };
		210AF3DD46A1874881C76F17 /* Pods-JustForYou.debug.xcconfig */ = {isa = PBXFileReference; includeInIndex = 1; lastKnownFileType = text.xcconfig; name = "Pods-JustForYou.debug.xcconfig"; path = "Pods/Target Support Files/Pods-JustForYou/Pods-JustForYou.debug.xcconfig"; sourceTree = "<group>"; };
		243D06D6B5FD6DDC3ADA060D /* BBRegistrationViewInput.h */ = {isa = PBXFileReference; includeInIndex = 1; lastKnownFileType = sourcecode.c.h; path = BBRegistrationViewInput.h; sourceTree = "<group>"; };
		38738C4613A14E46EAA779BB /* BBTabbarInteractor.h */ = {isa = PBXFileReference; includeInIndex = 1; lastKnownFileType = sourcecode.c.h; path = BBTabbarInteractor.h; sourceTree = "<group>"; };
		3A13474F1CA6B59B007A83ED /* Authorizate.storyboard */ = {isa = PBXFileReference; fileEncoding = 4; lastKnownFileType = file.storyboard; path = Authorizate.storyboard; sourceTree = "<group>"; };
		3A1347531CA6B643007A83ED /* BBUserService.h */ = {isa = PBXFileReference; fileEncoding = 4; lastKnownFileType = sourcecode.c.h; path = BBUserService.h; sourceTree = "<group>"; };
		3A1347541CA6B643007A83ED /* BBUserService.m */ = {isa = PBXFileReference; fileEncoding = 4; lastKnownFileType = sourcecode.c.objc; path = BBUserService.m; sourceTree = "<group>"; };
		3A1347561CA6B6BE007A83ED /* BBUser.h */ = {isa = PBXFileReference; fileEncoding = 4; lastKnownFileType = sourcecode.c.h; path = BBUser.h; sourceTree = "<group>"; };
		3A1347571CA6B6BE007A83ED /* BBUser.m */ = {isa = PBXFileReference; fileEncoding = 4; lastKnownFileType = sourcecode.c.objc; path = BBUser.m; sourceTree = "<group>"; };
		3A13475C1CA6BF5D007A83ED /* BBNavigationViewController.h */ = {isa = PBXFileReference; fileEncoding = 4; lastKnownFileType = sourcecode.c.h; path = BBNavigationViewController.h; sourceTree = "<group>"; };
		3A13475D1CA6BF5D007A83ED /* BBNavigationViewController.m */ = {isa = PBXFileReference; fileEncoding = 4; lastKnownFileType = sourcecode.c.objc; path = BBNavigationViewController.m; sourceTree = "<group>"; };
		3A13475E1CA6BF5D007A83ED /* BBNavigationViewInput.h */ = {isa = PBXFileReference; fileEncoding = 4; lastKnownFileType = sourcecode.c.h; path = BBNavigationViewInput.h; sourceTree = "<group>"; };
		3A13475F1CA6BF5D007A83ED /* BBNavigationViewOutput.h */ = {isa = PBXFileReference; fileEncoding = 4; lastKnownFileType = sourcecode.c.h; path = BBNavigationViewOutput.h; sourceTree = "<group>"; };
		3A1347631CA6C83B007A83ED /* BBUnderlineButton.h */ = {isa = PBXFileReference; fileEncoding = 4; lastKnownFileType = sourcecode.c.h; path = BBUnderlineButton.h; sourceTree = "<group>"; };
		3A1347641CA6C83B007A83ED /* BBUnderlineButton.m */ = {isa = PBXFileReference; fileEncoding = 4; lastKnownFileType = sourcecode.c.objc; path = BBUnderlineButton.m; sourceTree = "<group>"; };
		3A1347671CA6CCCF007A83ED /* BBNumberPhoneTableViewCell.h */ = {isa = PBXFileReference; fileEncoding = 4; lastKnownFileType = sourcecode.c.h; path = BBNumberPhoneTableViewCell.h; sourceTree = "<group>"; };
		3A1347681CA6CCCF007A83ED /* BBNumberPhoneTableViewCell.m */ = {isa = PBXFileReference; fileEncoding = 4; lastKnownFileType = sourcecode.c.objc; path = BBNumberPhoneTableViewCell.m; sourceTree = "<group>"; };
		3A1347691CA6CCCF007A83ED /* BBNumberPhoneTableViewCell.xib */ = {isa = PBXFileReference; fileEncoding = 4; lastKnownFileType = file.xib; path = BBNumberPhoneTableViewCell.xib; sourceTree = "<group>"; };
		3A1AB26C1C9D8F6B0070E065 /* AppDelegate.h */ = {isa = PBXFileReference; fileEncoding = 4; lastKnownFileType = sourcecode.c.h; path = AppDelegate.h; sourceTree = "<group>"; };
		3A1AB26D1C9D8F6B0070E065 /* AppDelegate.m */ = {isa = PBXFileReference; fileEncoding = 4; lastKnownFileType = sourcecode.c.objc; path = AppDelegate.m; sourceTree = "<group>"; };
		3A1AB26E1C9D8F6B0070E065 /* Assets.xcassets */ = {isa = PBXFileReference; lastKnownFileType = folder.assetcatalog; path = Assets.xcassets; sourceTree = "<group>"; };
		3A1AB2701C9D8F6B0070E065 /* LaunchScreen.storyboard */ = {isa = PBXFileReference; fileEncoding = 4; lastKnownFileType = file.storyboard; path = LaunchScreen.storyboard; sourceTree = "<group>"; };
		3A1AB2711C9D8F6B0070E065 /* Main.storyboard */ = {isa = PBXFileReference; fileEncoding = 4; lastKnownFileType = file.storyboard; path = Main.storyboard; sourceTree = "<group>"; };
		3A1AB2731C9D8F6B0070E065 /* Info.plist */ = {isa = PBXFileReference; fileEncoding = 4; lastKnownFileType = text.plist.xml; path = Info.plist; sourceTree = "<group>"; };
		3A1AB2741C9D8F6B0070E065 /* main.m */ = {isa = PBXFileReference; fileEncoding = 4; lastKnownFileType = sourcecode.c.objc; path = main.m; sourceTree = "<group>"; };
		3A1AB27D1C9D91450070E065 /* HelpQueue.h */ = {isa = PBXFileReference; fileEncoding = 4; lastKnownFileType = sourcecode.c.h; path = HelpQueue.h; sourceTree = "<group>"; };
		3A1AB27E1C9D91450070E065 /* HelpQueue.m */ = {isa = PBXFileReference; fileEncoding = 4; lastKnownFileType = sourcecode.c.objc; path = HelpQueue.m; sourceTree = "<group>"; };
		3A1AB2811C9D917A0070E065 /* PrefixHeader.pch */ = {isa = PBXFileReference; fileEncoding = 4; lastKnownFileType = sourcecode.c.h; path = PrefixHeader.pch; sourceTree = "<group>"; };
		3A1AB2861C9D98B70070E065 /* BBPreloader.h */ = {isa = PBXFileReference; fileEncoding = 4; lastKnownFileType = sourcecode.c.h; path = BBPreloader.h; sourceTree = "<group>"; };
		3A1AB2871C9D98B70070E065 /* BBPreloader.m */ = {isa = PBXFileReference; fileEncoding = 4; lastKnownFileType = sourcecode.c.objc; path = BBPreloader.m; sourceTree = "<group>"; };
		3A20C3CF1CA3D1E700082422 /* BBContainerView.h */ = {isa = PBXFileReference; fileEncoding = 4; lastKnownFileType = sourcecode.c.h; path = BBContainerView.h; sourceTree = "<group>"; };
		3A20C3D01CA3D1E700082422 /* BBContainerView.m */ = {isa = PBXFileReference; fileEncoding = 4; lastKnownFileType = sourcecode.c.objc; path = BBContainerView.m; sourceTree = "<group>"; };
		3A20C3D21CA3D2AB00082422 /* BBTabBar.h */ = {isa = PBXFileReference; fileEncoding = 4; lastKnownFileType = sourcecode.c.h; path = BBTabBar.h; sourceTree = "<group>"; };
		3A20C3D31CA3D2AB00082422 /* BBTabBar.m */ = {isa = PBXFileReference; fileEncoding = 4; lastKnownFileType = sourcecode.c.objc; path = BBTabBar.m; sourceTree = "<group>"; };
		3A2A2E6E1C9D8CE900CA19E1 /* JustForYou.app */ = {isa = PBXFileReference; explicitFileType = wrapper.application; includeInIndex = 0; path = JustForYou.app; sourceTree = BUILT_PRODUCTS_DIR; };
		3A868E4A898B7033819EE3F7 /* BBTabbarAssembly.h */ = {isa = PBXFileReference; includeInIndex = 1; lastKnownFileType = sourcecode.c.h; path = BBTabbarAssembly.h; sourceTree = "<group>"; };
		3CF8624C38E8B2DB94AF58A6 /* BBRegistrationAssembly.m */ = {isa = PBXFileReference; includeInIndex = 1; lastKnownFileType = sourcecode.c.objc; path = BBRegistrationAssembly.m; sourceTree = "<group>"; };
		3E16F8AE08C4EDDC9D6EEC10 /* BBTabbarRouter.m */ = {isa = PBXFileReference; includeInIndex = 1; lastKnownFileType = sourcecode.c.objc; path = BBTabbarRouter.m; sourceTree = "<group>"; };
		3E4D5C9A768BEE391C410894 /* Pods-JustForYou.release.xcconfig */ = {isa = PBXFileReference; includeInIndex = 1; lastKnownFileType = text.xcconfig; name = "Pods-JustForYou.release.xcconfig"; path = "Pods/Target Support Files/Pods-JustForYou/Pods-JustForYou.release.xcconfig"; sourceTree = "<group>"; };
		470031563DF7B3AE6D30ABDA /* BBNavigationPresenter.m */ = {isa = PBXFileReference; includeInIndex = 1; lastKnownFileType = sourcecode.c.objc; path = BBNavigationPresenter.m; sourceTree = "<group>"; };
		47EDB7173B7BDAD4C63A09D7 /* BBTestPresenter.h */ = {isa = PBXFileReference; includeInIndex = 1; lastKnownFileType = sourcecode.c.h; path = BBTestPresenter.h; sourceTree = "<group>"; };
		53D3984551BB7C53BF279945 /* BBTestModuleInput.h */ = {isa = PBXFileReference; includeInIndex = 1; lastKnownFileType = sourcecode.c.h; path = BBTestModuleInput.h; sourceTree = "<group>"; };
		5EED12700543930114BD8E44 /* BBRegistrationInteractorOutput.h */ = {isa = PBXFileReference; includeInIndex = 1; lastKnownFileType = sourcecode.c.h; path = BBRegistrationInteractorOutput.h; sourceTree = "<group>"; };
		6AE06E17F3BFAE9FCE88CF51 /* BBTabbarPresenter.h */ = {isa = PBXFileReference; includeInIndex = 1; lastKnownFileType = sourcecode.c.h; path = BBTabbarPresenter.h; sourceTree = "<group>"; };
		6B43BDADEC39C5FD818E7410 /* BBTestInteractor.m */ = {isa = PBXFileReference; includeInIndex = 1; lastKnownFileType = sourcecode.c.objc; path = BBTestInteractor.m; sourceTree = "<group>"; };
		6CCD33B46BF28601E1DB80DE /* BBRegistrationRouter.m */ = {isa = PBXFileReference; includeInIndex = 1; lastKnownFileType = sourcecode.c.objc; path = BBRegistrationRouter.m; sourceTree = "<group>"; };
		706C9DD49BEBDBCB8A395CF3 /* BBRegistrationViewController.h */ = {isa = PBXFileReference; includeInIndex = 1; lastKnownFileType = sourcecode.c.h; path = BBRegistrationViewController.h; sourceTree = "<group>"; };
		72769222422C27926C4009AB /* BBTestViewInput.h */ = {isa = PBXFileReference; includeInIndex = 1; lastKnownFileType = sourcecode.c.h; path = BBTestViewInput.h; sourceTree = "<group>"; };
		7328278FD76F506BA1FD1E79 /* BBTestViewController.m */ = {isa = PBXFileReference; includeInIndex = 1; lastKnownFileType = sourcecode.c.objc; path = BBTestViewController.m; sourceTree = "<group>"; };
		779AEF644CA95757C37459F1 /* BBTabbarViewController.m */ = {isa = PBXFileReference; includeInIndex = 1; lastKnownFileType = sourcecode.c.objc; path = BBTabbarViewController.m; sourceTree = "<group>"; };
		7DF79BBF996635B2E65F0754 /* BBTestViewController.h */ = {isa = PBXFileReference; includeInIndex = 1; lastKnownFileType = sourcecode.c.h; path = BBTestViewController.h; sourceTree = "<group>"; };
		83F13C5CA13518A5A307892F /* BBNavigationRouterInput.h */ = {isa = PBXFileReference; includeInIndex = 1; lastKnownFileType = sourcecode.c.h; path = BBNavigationRouterInput.h; sourceTree = "<group>"; };
		8A0DA98BCF076DDEE32615BC /* BBTestPresenter.m */ = {isa = PBXFileReference; includeInIndex = 1; lastKnownFileType = sourcecode.c.objc; path = BBTestPresenter.m; sourceTree = "<group>"; };
		924DCC341AFBEBC105B035AF /* BBRegistrationPresenter.m */ = {isa = PBXFileReference; includeInIndex = 1; lastKnownFileType = sourcecode.c.objc; path = BBRegistrationPresenter.m; sourceTree = "<group>"; };
		93565B930D579804455B32E9 /* BBRegistrationViewController.m */ = {isa = PBXFileReference; includeInIndex = 1; lastKnownFileType = sourcecode.c.objc; path = BBRegistrationViewController.m; sourceTree = "<group>"; };
		9552C2654A4C2468CBDCE035 /* BBNavigationAssembly.m */ = {isa = PBXFileReference; includeInIndex = 1; lastKnownFileType = sourcecode.c.objc; path = BBNavigationAssembly.m; sourceTree = "<group>"; };
		99183C0BB95FC217BF793B6B /* BBTabbarViewOutput.h */ = {isa = PBXFileReference; includeInIndex = 1; lastKnownFileType = sourcecode.c.h; path = BBTabbarViewOutput.h; sourceTree = "<group>"; };
		99E35A88B69EA933491E223D /* BBTestInteractorInput.h */ = {isa = PBXFileReference; includeInIndex = 1; lastKnownFileType = sourcecode.c.h; path = BBTestInteractorInput.h; sourceTree = "<group>"; };
		99FD7BD19D92361B78A26F9F /* BBTabbarAssembly.m */ = {isa = PBXFileReference; includeInIndex = 1; lastKnownFileType = sourcecode.c.objc; path = BBTabbarAssembly.m; sourceTree = "<group>"; };
		9C13FBD18F4F86B3CEDCB374 /* BBRegistrationInteractor.m */ = {isa = PBXFileReference; includeInIndex = 1; lastKnownFileType = sourcecode.c.objc; path = BBRegistrationInteractor.m; sourceTree = "<group>"; };
		A1D569B76752F07389DCC730 /* BBTestViewOutput.h */ = {isa = PBXFileReference; includeInIndex = 1; lastKnownFileType = sourcecode.c.h; path = BBTestViewOutput.h; sourceTree = "<group>"; };
		A613B663F642C98586B33722 /* libPods-JustForYou.a */ = {isa = PBXFileReference; explicitFileType = archive.ar; includeInIndex = 0; path = "libPods-JustForYou.a"; sourceTree = BUILT_PRODUCTS_DIR; };
		A7BCCA5F87ED55ECE1C14601 /* BBRegistrationRouter.h */ = {isa = PBXFileReference; includeInIndex = 1; lastKnownFileType = sourcecode.c.h; path = BBRegistrationRouter.h; sourceTree = "<group>"; };
		A94AD3DD4773AB5F0147BB86 /* BBNavigationInteractor.m */ = {isa = PBXFileReference; includeInIndex = 1; lastKnownFileType = sourcecode.c.objc; path = BBNavigationInteractor.m; sourceTree = "<group>"; };
		AC4BE778D1859B7D6ECAC861 /* BBTabbarPresenter.m */ = {isa = PBXFileReference; includeInIndex = 1; lastKnownFileType = sourcecode.c.objc; path = BBTabbarPresenter.m; sourceTree = "<group>"; };
		AD412903D509F98E68D2E48C /* BBNavigationAssembly.h */ = {isa = PBXFileReference; includeInIndex = 1; lastKnownFileType = sourcecode.c.h; path = BBNavigationAssembly.h; sourceTree = "<group>"; };
		B4D6C68D56A26C39E2927FEB /* BBRegistrationViewOutput.h */ = {isa = PBXFileReference; includeInIndex = 1; lastKnownFileType = sourcecode.c.h; path = BBRegistrationViewOutput.h; sourceTree = "<group>"; };
		B7C3C9FA3CF31B7082BFD17E /* BBRegistrationAssembly.h */ = {isa = PBXFileReference; includeInIndex = 1; lastKnownFileType = sourcecode.c.h; path = BBRegistrationAssembly.h; sourceTree = "<group>"; };
		BC7DA2F59E89F42485160D80 /* BBNavigationRouter.m */ = {isa = PBXFileReference; includeInIndex = 1; lastKnownFileType = sourcecode.c.objc; path = BBNavigationRouter.m; sourceTree = "<group>"; };
		BD8150A1EEF9BACB7D695FCD /* BBRegistrationPresenter.h */ = {isa = PBXFileReference; includeInIndex = 1; lastKnownFileType = sourcecode.c.h; path = BBRegistrationPresenter.h; sourceTree = "<group>"; };
		C245408D15FCB7B8BD0C0316 /* BBNavigationPresenter.h */ = {isa = PBXFileReference; includeInIndex = 1; lastKnownFileType = sourcecode.c.h; path = BBNavigationPresenter.h; sourceTree = "<group>"; };
		C393C490621928B10B9B188A /* BBTestAssembly.h */ = {isa = PBXFileReference; includeInIndex = 1; lastKnownFileType = sourcecode.c.h; path = BBTestAssembly.h; sourceTree = "<group>"; };
		C3C157BE70B9057D297ADEE4 /* BBTestInteractorOutput.h */ = {isa = PBXFileReference; includeInIndex = 1; lastKnownFileType = sourcecode.c.h; path = BBTestInteractorOutput.h; sourceTree = "<group>"; };
		C510D3AE44432923123DB6BA /* BBTestInteractor.h */ = {isa = PBXFileReference; includeInIndex = 1; lastKnownFileType = sourcecode.c.h; path = BBTestInteractor.h; sourceTree = "<group>"; };
		D58FC6C0C90F32840EF06BBC /* BBNavigationInteractor.h */ = {isa = PBXFileReference; includeInIndex = 1; lastKnownFileType = sourcecode.c.h; path = BBNavigationInteractor.h; sourceTree = "<group>"; };
		D63EC79F5396CE6C9FCD0133 /* BBTabbarInteractorOutput.h */ = {isa = PBXFileReference; includeInIndex = 1; lastKnownFileType = sourcecode.c.h; path = BBTabbarInteractorOutput.h; sourceTree = "<group>"; };
		E33EA1C2D333DE44B36B48FD /* BBRegistrationModuleInput.h */ = {isa = PBXFileReference; includeInIndex = 1; lastKnownFileType = sourcecode.c.h; path = BBRegistrationModuleInput.h; sourceTree = "<group>"; };
		E65DD5DE90BF2B39AFFD6AB0 /* BBTestRouterInput.h */ = {isa = PBXFileReference; includeInIndex = 1; lastKnownFileType = sourcecode.c.h; path = BBTestRouterInput.h; sourceTree = "<group>"; };
		F7F6FD30FA354E991F4F4733 /* BBTabbarRouter.h */ = {isa = PBXFileReference; includeInIndex = 1; lastKnownFileType = sourcecode.c.h; path = BBTabbarRouter.h; sourceTree = "<group>"; };
		FA7C32A6353DE7B21A182FA5 /* BBTabbarViewController.h */ = {isa = PBXFileReference; includeInIndex = 1; lastKnownFileType = sourcecode.c.h; path = BBTabbarViewController.h; sourceTree = "<group>"; };
		FB76E4CADAE4D12BB3FBB174 /* BBNavigationInteractorOutput.h */ = {isa = PBXFileReference; includeInIndex = 1; lastKnownFileType = sourcecode.c.h; path = BBNavigationInteractorOutput.h; sourceTree = "<group>"; };
		FC8C3BE15EEEF0444121550C /* BBNavigationInteractorInput.h */ = {isa = PBXFileReference; includeInIndex = 1; lastKnownFileType = sourcecode.c.h; path = BBNavigationInteractorInput.h; sourceTree = "<group>"; };
		FD44DE2C4921C0C817B58A6A /* BBRegistrationInteractor.h */ = {isa = PBXFileReference; includeInIndex = 1; lastKnownFileType = sourcecode.c.h; path = BBRegistrationInteractor.h; sourceTree = "<group>"; };
/* End PBXFileReference section */

/* Begin PBXFrameworksBuildPhase section */
		3A2A2E6B1C9D8CE900CA19E1 /* Frameworks */ = {
			isa = PBXFrameworksBuildPhase;
			buildActionMask = 2147483647;
			files = (
				0C353FE0B174F0957E26F952 /* libPods-JustForYou.a in Frameworks */,
			);
			runOnlyForDeploymentPostprocessing = 0;
		};
/* End PBXFrameworksBuildPhase section */

/* Begin PBXGroup section */
		06DACCBD51D50FE341837E90 /* Router */ = {
			isa = PBXGroup;
			children = (
				83F13C5CA13518A5A307892F /* BBNavigationRouterInput.h */,
				1711FDE48C46C3C7939F3B2B /* BBNavigationRouter.h */,
				BC7DA2F59E89F42485160D80 /* BBNavigationRouter.m */,
			);
			path = Router;
			sourceTree = "<group>";
		};
		0DB8640C2F6BF91E90ED2122 /* Router */ = {
			isa = PBXGroup;
			children = (
				E65DD5DE90BF2B39AFFD6AB0 /* BBTestRouterInput.h */,
				1B0515B7C58C3965444E2ACB /* BBTestRouter.h */,
				17305A3DA111F5C66D51836D /* BBTestRouter.m */,
			);
			path = Router;
			sourceTree = "<group>";
		};
		1F94A1FB1291D9AAD2535E32 /* Frameworks */ = {
			isa = PBXGroup;
			children = (
				A613B663F642C98586B33722 /* libPods-JustForYou.a */,
			);
			name = Frameworks;
			sourceTree = "<group>";
		};
		3568BA1618E58B872E515E7B /* Router */ = {
			isa = PBXGroup;
			children = (
				0D57CA40624BF251DDD1221E /* BBTabbarRouterInput.h */,
				F7F6FD30FA354E991F4F4733 /* BBTabbarRouter.h */,
				3E16F8AE08C4EDDC9D6EEC10 /* BBTabbarRouter.m */,
			);
			path = Router;
			sourceTree = "<group>";
		};
		3A13472E1CA5DFAD007A83ED /* Domain */ = {
			isa = PBXGroup;
			children = (
				3A1347561CA6B6BE007A83ED /* BBUser.h */,
				3A1347571CA6B6BE007A83ED /* BBUser.m */,
			);
			path = Domain;
			sourceTree = "<group>";
		};
		3A13472F1CA5DFAD007A83ED /* Services */ = {
			isa = PBXGroup;
			children = (
				3A1347521CA6B634007A83ED /* UserService */,
				3A1347301CA5DFAD007A83ED /* ServerAPIService */,
				3A1347311CA5DFAD007A83ED /* Transport */,
			);
			path = Services;
			sourceTree = "<group>";
		};
		3A1347301CA5DFAD007A83ED /* ServerAPIService */ = {
			isa = PBXGroup;
			children = (
			);
			path = ServerAPIService;
			sourceTree = "<group>";
		};
		3A1347311CA5DFAD007A83ED /* Transport */ = {
			isa = PBXGroup;
			children = (
			);
			path = Transport;
			sourceTree = "<group>";
		};
		3A1347521CA6B634007A83ED /* UserService */ = {
			isa = PBXGroup;
			children = (
				3A1347531CA6B643007A83ED /* BBUserService.h */,
				3A1347541CA6B643007A83ED /* BBUserService.m */,
			);
			path = UserService;
			sourceTree = "<group>";
		};
		3A13475B1CA6BF5D007A83ED /* View */ = {
			isa = PBXGroup;
			children = (
				3A13475C1CA6BF5D007A83ED /* BBNavigationViewController.h */,
				3A13475D1CA6BF5D007A83ED /* BBNavigationViewController.m */,
				3A13475E1CA6BF5D007A83ED /* BBNavigationViewInput.h */,
				3A13475F1CA6BF5D007A83ED /* BBNavigationViewOutput.h */,
			);
			path = View;
			sourceTree = "<group>";
		};
		3A1347621CA6C820007A83ED /* VIews */ = {
			isa = PBXGroup;
			children = (
				3A1347631CA6C83B007A83ED /* BBUnderlineButton.h */,
				3A1347641CA6C83B007A83ED /* BBUnderlineButton.m */,
				3A1347671CA6CCCF007A83ED /* BBNumberPhoneTableViewCell.h */,
				3A1347681CA6CCCF007A83ED /* BBNumberPhoneTableViewCell.m */,
				3A1347691CA6CCCF007A83ED /* BBNumberPhoneTableViewCell.xib */,
			);
			path = VIews;
			sourceTree = "<group>";
		};
		3A1AB26B1C9D8F6B0070E065 /* Application */ = {
			isa = PBXGroup;
			children = (
				3A1AB26E1C9D8F6B0070E065 /* Assets.xcassets */,
				3A1AB2811C9D917A0070E065 /* PrefixHeader.pch */,
				3A1AB26C1C9D8F6B0070E065 /* AppDelegate.h */,
				3A1AB26D1C9D8F6B0070E065 /* AppDelegate.m */,
				3A1AB2821C9D97800070E065 /* Preloader */,
				3A1AB27C1C9D91450070E065 /* Helpers */,
				3A1AB26F1C9D8F6B0070E065 /* Storyboards */,
			);
			path = Application;
			sourceTree = "<group>";
		};
		3A1AB26F1C9D8F6B0070E065 /* Storyboards */ = {
			isa = PBXGroup;
			children = (
				3A1AB2701C9D8F6B0070E065 /* LaunchScreen.storyboard */,
				3A1AB2711C9D8F6B0070E065 /* Main.storyboard */,
				3A13474F1CA6B59B007A83ED /* Authorizate.storyboard */,
			);
			path = Storyboards;
			sourceTree = "<group>";
		};
		3A1AB2721C9D8F6B0070E065 /* Supporting Files */ = {
			isa = PBXGroup;
			children = (
				3A1AB2731C9D8F6B0070E065 /* Info.plist */,
				3A1AB2741C9D8F6B0070E065 /* main.m */,
			);
			path = "Supporting Files";
			sourceTree = "<group>";
		};
		3A1AB2751C9D8F6B0070E065 /* UserStories */ = {
			isa = PBXGroup;
			children = (
				AC000CE44108F093256C850C /* Test */,
				B8C9CFBFE050D8A00B42E7ED /* Tabbar */,
				CB6B40037C45B3471E21BCBB /* Navigation */,
				736F7FE445C6979F32906BB7 /* Registration */,
			);
			path = UserStories;
			sourceTree = "<group>";
		};
		3A1AB27C1C9D91450070E065 /* Helpers */ = {
			isa = PBXGroup;
			children = (
				3A1AB27D1C9D91450070E065 /* HelpQueue.h */,
				3A1AB27E1C9D91450070E065 /* HelpQueue.m */,
			);
			path = Helpers;
			sourceTree = "<group>";
		};
		3A1AB2821C9D97800070E065 /* Preloader */ = {
			isa = PBXGroup;
			children = (
				3A1AB2861C9D98B70070E065 /* BBPreloader.h */,
				3A1AB2871C9D98B70070E065 /* BBPreloader.m */,
			);
			path = Preloader;
			sourceTree = "<group>";
		};
		3A20C3CE1CA3D1CE00082422 /* Views */ = {
			isa = PBXGroup;
			children = (
				3A20C3D21CA3D2AB00082422 /* BBTabBar.h */,
				3A20C3D31CA3D2AB00082422 /* BBTabBar.m */,
				3A20C3CF1CA3D1E700082422 /* BBContainerView.h */,
				3A20C3D01CA3D1E700082422 /* BBContainerView.m */,
			);
			path = Views;
			sourceTree = "<group>";
		};
		3A2A2E651C9D8CE900CA19E1 = {
			isa = PBXGroup;
			children = (
				3A1AB26B1C9D8F6B0070E065 /* Application */,
				3A1AB2751C9D8F6B0070E065 /* UserStories */,
				3A13472F1CA5DFAD007A83ED /* Services */,
				3A13472E1CA5DFAD007A83ED /* Domain */,
				1F94A1FB1291D9AAD2535E32 /* Frameworks */,
				3A2A2E6F1C9D8CE900CA19E1 /* Products */,
				3A1AB2721C9D8F6B0070E065 /* Supporting Files */,
				9A97758BB14ED787FF652F5D /* Pods */,
			);
			sourceTree = "<group>";
		};
		3A2A2E6F1C9D8CE900CA19E1 /* Products */ = {
			isa = PBXGroup;
			children = (
				3A2A2E6E1C9D8CE900CA19E1 /* JustForYou.app */,
			);
			name = Products;
			sourceTree = "<group>";
		};
		4472931FDFF7B8F773971794 /* Interactor */ = {
			isa = PBXGroup;
			children = (
				FC8C3BE15EEEF0444121550C /* BBNavigationInteractorInput.h */,
				FB76E4CADAE4D12BB3FBB174 /* BBNavigationInteractorOutput.h */,
				D58FC6C0C90F32840EF06BBC /* BBNavigationInteractor.h */,
				A94AD3DD4773AB5F0147BB86 /* BBNavigationInteractor.m */,
			);
			path = Interactor;
			sourceTree = "<group>";
		};
		4A813BAC8F815FB7FA204807 /* Assembly */ = {
			isa = PBXGroup;
			children = (
				B7C3C9FA3CF31B7082BFD17E /* BBRegistrationAssembly.h */,
				3CF8624C38E8B2DB94AF58A6 /* BBRegistrationAssembly.m */,
			);
			path = Assembly;
			sourceTree = "<group>";
		};
		4ACB3BEC8E15C4CD78F5B191 /* Presenter */ = {
			isa = PBXGroup;
			children = (
				53D3984551BB7C53BF279945 /* BBTestModuleInput.h */,
				47EDB7173B7BDAD4C63A09D7 /* BBTestPresenter.h */,
				8A0DA98BCF076DDEE32615BC /* BBTestPresenter.m */,
			);
			path = Presenter;
			sourceTree = "<group>";
		};
		4CC1602C9D1FFB8019341A2A /* Interactor */ = {
			isa = PBXGroup;
			children = (
				1500748619A7BD301E83D04C /* BBRegistrationInteractorInput.h */,
				5EED12700543930114BD8E44 /* BBRegistrationInteractorOutput.h */,
				FD44DE2C4921C0C817B58A6A /* BBRegistrationInteractor.h */,
				9C13FBD18F4F86B3CEDCB374 /* BBRegistrationInteractor.m */,
			);
			path = Interactor;
			sourceTree = "<group>";
		};
		51995419BD5E0B905CBAA75B /* Interactor */ = {
			isa = PBXGroup;
			children = (
				0A61EF4B6172EAE96A54E7BE /* BBTabbarInteractorInput.h */,
				D63EC79F5396CE6C9FCD0133 /* BBTabbarInteractorOutput.h */,
				38738C4613A14E46EAA779BB /* BBTabbarInteractor.h */,
				0F144C805EE3AC51D99FCFDA /* BBTabbarInteractor.m */,
			);
			path = Interactor;
			sourceTree = "<group>";
		};
		57647A852B33AB3A4E4BF06D /* Presenter */ = {
			isa = PBXGroup;
			children = (
				E33EA1C2D333DE44B36B48FD /* BBRegistrationModuleInput.h */,
				BD8150A1EEF9BACB7D695FCD /* BBRegistrationPresenter.h */,
				924DCC341AFBEBC105B035AF /* BBRegistrationPresenter.m */,
			);
			path = Presenter;
			sourceTree = "<group>";
		};
		5B23A5451F68D7E6AE817041 /* View */ = {
			isa = PBXGroup;
			children = (
				72769222422C27926C4009AB /* BBTestViewInput.h */,
				A1D569B76752F07389DCC730 /* BBTestViewOutput.h */,
				7DF79BBF996635B2E65F0754 /* BBTestViewController.h */,
				7328278FD76F506BA1FD1E79 /* BBTestViewController.m */,
			);
			path = View;
			sourceTree = "<group>";
		};
		6BDD38854E6E76157E95317B /* Assembly */ = {
			isa = PBXGroup;
			children = (
				AD412903D509F98E68D2E48C /* BBNavigationAssembly.h */,
				9552C2654A4C2468CBDCE035 /* BBNavigationAssembly.m */,
			);
			path = Assembly;
			sourceTree = "<group>";
		};
		736F7FE445C6979F32906BB7 /* Registration */ = {
			isa = PBXGroup;
			children = (
				4A813BAC8F815FB7FA204807 /* Assembly */,
				7D102AEA3FACB2BDB3F6BFE7 /* View */,
				57647A852B33AB3A4E4BF06D /* Presenter */,
				4CC1602C9D1FFB8019341A2A /* Interactor */,
				AA5EC8B8C743C2404C39FB7A /* Router */,
			);
			path = Registration;
			sourceTree = "<group>";
		};
		7D102AEA3FACB2BDB3F6BFE7 /* View */ = {
			isa = PBXGroup;
			children = (
				3A1347621CA6C820007A83ED /* VIews */,
				243D06D6B5FD6DDC3ADA060D /* BBRegistrationViewInput.h */,
				B4D6C68D56A26C39E2927FEB /* BBRegistrationViewOutput.h */,
				706C9DD49BEBDBCB8A395CF3 /* BBRegistrationViewController.h */,
				93565B930D579804455B32E9 /* BBRegistrationViewController.m */,
			);
			path = View;
			sourceTree = "<group>";
		};
		88319AC21AA687D93458A272 /* Interactor */ = {
			isa = PBXGroup;
			children = (
				99E35A88B69EA933491E223D /* BBTestInteractorInput.h */,
				C3C157BE70B9057D297ADEE4 /* BBTestInteractorOutput.h */,
				C510D3AE44432923123DB6BA /* BBTestInteractor.h */,
				6B43BDADEC39C5FD818E7410 /* BBTestInteractor.m */,
			);
			path = Interactor;
			sourceTree = "<group>";
		};
		9A97758BB14ED787FF652F5D /* Pods */ = {
			isa = PBXGroup;
			children = (
				210AF3DD46A1874881C76F17 /* Pods-JustForYou.debug.xcconfig */,
				3E4D5C9A768BEE391C410894 /* Pods-JustForYou.release.xcconfig */,
			);
			name = Pods;
			sourceTree = "<group>";
		};
		9F960D4B6BB7BF25CA339F10 /* Presenter */ = {
			isa = PBXGroup;
			children = (
				1B7480272E0D400E3981B91A /* BBTabbarModuleInput.h */,
				6AE06E17F3BFAE9FCE88CF51 /* BBTabbarPresenter.h */,
				AC4BE778D1859B7D6ECAC861 /* BBTabbarPresenter.m */,
			);
			path = Presenter;
			sourceTree = "<group>";
		};
		AA5EC8B8C743C2404C39FB7A /* Router */ = {
			isa = PBXGroup;
			children = (
				139E408C4C5F385B834303C2 /* BBRegistrationRouterInput.h */,
				A7BCCA5F87ED55ECE1C14601 /* BBRegistrationRouter.h */,
				6CCD33B46BF28601E1DB80DE /* BBRegistrationRouter.m */,
			);
			path = Router;
			sourceTree = "<group>";
		};
		AC000CE44108F093256C850C /* Test */ = {
			isa = PBXGroup;
			children = (
				B312FD77DDBA69EEFEE60323 /* Assembly */,
				5B23A5451F68D7E6AE817041 /* View */,
				4ACB3BEC8E15C4CD78F5B191 /* Presenter */,
				88319AC21AA687D93458A272 /* Interactor */,
				0DB8640C2F6BF91E90ED2122 /* Router */,
			);
			path = Test;
			sourceTree = "<group>";
		};
		B312FD77DDBA69EEFEE60323 /* Assembly */ = {
			isa = PBXGroup;
			children = (
				C393C490621928B10B9B188A /* BBTestAssembly.h */,
				0DA0EC6E0D0CD42B167760C0 /* BBTestAssembly.m */,
			);
			path = Assembly;
			sourceTree = "<group>";
		};
		B8C9CFBFE050D8A00B42E7ED /* Tabbar */ = {
			isa = PBXGroup;
			children = (
				BD38DBFD02C0ED2536CE601C /* Assembly */,
				C9E1068B07414F3448AF1AFD /* View */,
				9F960D4B6BB7BF25CA339F10 /* Presenter */,
				51995419BD5E0B905CBAA75B /* Interactor */,
				3568BA1618E58B872E515E7B /* Router */,
			);
			path = Tabbar;
			sourceTree = "<group>";
		};
		BD38DBFD02C0ED2536CE601C /* Assembly */ = {
			isa = PBXGroup;
			children = (
				3A868E4A898B7033819EE3F7 /* BBTabbarAssembly.h */,
				99FD7BD19D92361B78A26F9F /* BBTabbarAssembly.m */,
			);
			path = Assembly;
			sourceTree = "<group>";
		};
		C424EE454EF4D12D3EEA7EA5 /* Presenter */ = {
			isa = PBXGroup;
			children = (
				145A746E745C8F63711324EC /* BBNavigationModuleInput.h */,
				C245408D15FCB7B8BD0C0316 /* BBNavigationPresenter.h */,
				470031563DF7B3AE6D30ABDA /* BBNavigationPresenter.m */,
			);
			path = Presenter;
			sourceTree = "<group>";
		};
		C9E1068B07414F3448AF1AFD /* View */ = {
			isa = PBXGroup;
			children = (
				3A20C3CE1CA3D1CE00082422 /* Views */,
				08C266A5F6CEB36ED74B4A91 /* BBTabbarViewInput.h */,
				99183C0BB95FC217BF793B6B /* BBTabbarViewOutput.h */,
				FA7C32A6353DE7B21A182FA5 /* BBTabbarViewController.h */,
				779AEF644CA95757C37459F1 /* BBTabbarViewController.m */,
			);
			path = View;
			sourceTree = "<group>";
		};
		CB6B40037C45B3471E21BCBB /* Navigation */ = {
			isa = PBXGroup;
			children = (
				6BDD38854E6E76157E95317B /* Assembly */,
				3A13475B1CA6BF5D007A83ED /* View */,
				C424EE454EF4D12D3EEA7EA5 /* Presenter */,
				4472931FDFF7B8F773971794 /* Interactor */,
				06DACCBD51D50FE341837E90 /* Router */,
			);
			path = Navigation;
			sourceTree = "<group>";
		};
/* End PBXGroup section */

/* Begin PBXNativeTarget section */
		3A2A2E6D1C9D8CE900CA19E1 /* JustForYou */ = {
			isa = PBXNativeTarget;
			buildConfigurationList = 3A2A2E851C9D8CEA00CA19E1 /* Build configuration list for PBXNativeTarget "JustForYou" */;
			buildPhases = (
				AB14DDB66F915B3C23782091 /* Check Pods Manifest.lock */,
				3A2A2E6A1C9D8CE900CA19E1 /* Sources */,
				3A2A2E6B1C9D8CE900CA19E1 /* Frameworks */,
				3A2A2E6C1C9D8CE900CA19E1 /* Resources */,
				749D8AC93278DA395480D679 /* Embed Pods Frameworks */,
				AD4038CA48A2B8DA31243358 /* Copy Pods Resources */,
			);
			buildRules = (
			);
			dependencies = (
			);
			name = JustForYou;
			productName = JustForYou;
			productReference = 3A2A2E6E1C9D8CE900CA19E1 /* JustForYou.app */;
			productType = "com.apple.product-type.application";
		};
/* End PBXNativeTarget section */

/* Begin PBXProject section */
		3A2A2E661C9D8CE900CA19E1 /* Project object */ = {
			isa = PBXProject;
			attributes = {
				CLASSPREFIX = BB;
				LastUpgradeCheck = 0720;
				ORGANIZATIONNAME = BinaryBlitz;
				TargetAttributes = {
					3A2A2E6D1C9D8CE900CA19E1 = {
						CreatedOnToolsVersion = 7.2.1;
						DevelopmentTeam = 4WGG8V34K4;
					};
				};
			};
			buildConfigurationList = 3A2A2E691C9D8CE900CA19E1 /* Build configuration list for PBXProject "JustForYou" */;
			compatibilityVersion = "Xcode 3.2";
			developmentRegion = English;
			hasScannedForEncodings = 0;
			knownRegions = (
				en,
				Base,
			);
			mainGroup = 3A2A2E651C9D8CE900CA19E1;
			productRefGroup = 3A2A2E6F1C9D8CE900CA19E1 /* Products */;
			projectDirPath = "";
			projectRoot = "";
			targets = (
				3A2A2E6D1C9D8CE900CA19E1 /* JustForYou */,
			);
		};
/* End PBXProject section */

/* Begin PBXResourcesBuildPhase section */
		3A2A2E6C1C9D8CE900CA19E1 /* Resources */ = {
			isa = PBXResourcesBuildPhase;
			buildActionMask = 2147483647;
			files = (
				3A1AB2791C9D8F6B0070E065 /* Main.storyboard in Resources */,
				3A1347501CA6B59B007A83ED /* Authorizate.storyboard in Resources */,
				3A1AB2771C9D8F6B0070E065 /* Assets.xcassets in Resources */,
				3A13476B1CA6CCCF007A83ED /* BBNumberPhoneTableViewCell.xib in Resources */,
				3A1AB2781C9D8F6B0070E065 /* LaunchScreen.storyboard in Resources */,
			);
			runOnlyForDeploymentPostprocessing = 0;
		};
/* End PBXResourcesBuildPhase section */

/* Begin PBXShellScriptBuildPhase section */
		749D8AC93278DA395480D679 /* Embed Pods Frameworks */ = {
			isa = PBXShellScriptBuildPhase;
			buildActionMask = 2147483647;
			files = (
			);
			inputPaths = (
			);
			name = "Embed Pods Frameworks";
			outputPaths = (
			);
			runOnlyForDeploymentPostprocessing = 0;
			shellPath = /bin/sh;
			shellScript = "\"${SRCROOT}/Pods/Target Support Files/Pods-JustForYou/Pods-JustForYou-frameworks.sh\"\n";
			showEnvVarsInLog = 0;
		};
		AB14DDB66F915B3C23782091 /* Check Pods Manifest.lock */ = {
			isa = PBXShellScriptBuildPhase;
			buildActionMask = 2147483647;
			files = (
			);
			inputPaths = (
			);
			name = "Check Pods Manifest.lock";
			outputPaths = (
			);
			runOnlyForDeploymentPostprocessing = 0;
			shellPath = /bin/sh;
			shellScript = "diff \"${PODS_ROOT}/../Podfile.lock\" \"${PODS_ROOT}/Manifest.lock\" > /dev/null\nif [[ $? != 0 ]] ; then\n    cat << EOM\nerror: The sandbox is not in sync with the Podfile.lock. Run 'pod install' or update your CocoaPods installation.\nEOM\n    exit 1\nfi\n";
			showEnvVarsInLog = 0;
		};
		AD4038CA48A2B8DA31243358 /* Copy Pods Resources */ = {
			isa = PBXShellScriptBuildPhase;
			buildActionMask = 2147483647;
			files = (
			);
			inputPaths = (
			);
			name = "Copy Pods Resources";
			outputPaths = (
			);
			runOnlyForDeploymentPostprocessing = 0;
			shellPath = /bin/sh;
			shellScript = "\"${SRCROOT}/Pods/Target Support Files/Pods-JustForYou/Pods-JustForYou-resources.sh\"\n";
			showEnvVarsInLog = 0;
		};
/* End PBXShellScriptBuildPhase section */

/* Begin PBXSourcesBuildPhase section */
		3A2A2E6A1C9D8CE900CA19E1 /* Sources */ = {
			isa = PBXSourcesBuildPhase;
			buildActionMask = 2147483647;
			files = (
				3A20C3D11CA3D1E700082422 /* BBContainerView.m in Sources */,
				3A1AB27B1C9D8F6B0070E065 /* main.m in Sources */,
				3A1AB27F1C9D91450070E065 /* HelpQueue.m in Sources */,
				3A1AB2761C9D8F6B0070E065 /* AppDelegate.m in Sources */,
				061245DF3EB45A8D66AC2571 /* BBTestAssembly.m in Sources */,
				3A20C3D41CA3D2AB00082422 /* BBTabBar.m in Sources */,
				4D4B9B637D27FA55DD90E942 /* BBTestViewController.m in Sources */,
				3A1AB2881C9D98B70070E065 /* BBPreloader.m in Sources */,
				3A1347551CA6B643007A83ED /* BBUserService.m in Sources */,
				96187D143F1BA98339B290DD /* BBTestPresenter.m in Sources */,
				200F85E70C36A50D4C3C7EFF /* BBTestInteractor.m in Sources */,
				B62392975B04EFC9DB1B444B /* BBTestRouter.m in Sources */,
				B8D388A271DA2C6B1AA0DE2B /* BBTabbarAssembly.m in Sources */,
				D76D973745BFA25EF7348DC8 /* BBTabbarViewController.m in Sources */,
				3A1347581CA6B6BE007A83ED /* BBUser.m in Sources */,
				D4F1646A6B7F8EF39D607719 /* BBTabbarPresenter.m in Sources */,
				E9527CCB8B6FAD0C4E96F108 /* BBTabbarInteractor.m in Sources */,
				D4F3ECEFF8C2C762C45A63E2 /* BBTabbarRouter.m in Sources */,
				3A1347651CA6C83B007A83ED /* BBUnderlineButton.m in Sources */,
				3A1347601CA6BF5D007A83ED /* BBNavigationViewController.m in Sources */,
				D8489B00ABB9D86C5DB6D7C2 /* BBNavigationAssembly.m in Sources */,
				8761578910FA5C7E1D647072 /* BBNavigationPresenter.m in Sources */,
				8F72A137A100D48ED9CC2CDF /* BBNavigationInteractor.m in Sources */,
				F97D12098A9112E9AEC5FEE8 /* BBNavigationRouter.m in Sources */,
				4953C4E90A3EAC45B96AFDE1 /* BBRegistrationAssembly.m in Sources */,
				3A13476A1CA6CCCF007A83ED /* BBNumberPhoneTableViewCell.m in Sources */,
				6204659E23E3713EF391E3FA /* BBRegistrationViewController.m in Sources */,
				763A5D7AF3001A1EB829536C /* BBRegistrationPresenter.m in Sources */,
				0780FDC7DAB8AE95647D781B /* BBRegistrationInteractor.m in Sources */,
				81144EAE3C3F30B4F7ACDB06 /* BBRegistrationRouter.m in Sources */,
			);
			runOnlyForDeploymentPostprocessing = 0;
		};
/* End PBXSourcesBuildPhase section */

/* Begin XCBuildConfiguration section */
		3A2A2E831C9D8CEA00CA19E1 /* Debug */ = {
			isa = XCBuildConfiguration;
			buildSettings = {
				ALWAYS_SEARCH_USER_PATHS = NO;
				CLANG_CXX_LANGUAGE_STANDARD = "gnu++0x";
				CLANG_CXX_LIBRARY = "libc++";
				CLANG_ENABLE_MODULES = YES;
				CLANG_ENABLE_OBJC_ARC = YES;
				CLANG_WARN_BOOL_CONVERSION = YES;
				CLANG_WARN_CONSTANT_CONVERSION = YES;
				CLANG_WARN_DIRECT_OBJC_ISA_USAGE = YES_ERROR;
				CLANG_WARN_EMPTY_BODY = YES;
				CLANG_WARN_ENUM_CONVERSION = YES;
				CLANG_WARN_INT_CONVERSION = YES;
				CLANG_WARN_OBJC_ROOT_CLASS = YES_ERROR;
				CLANG_WARN_UNREACHABLE_CODE = YES;
				CLANG_WARN__DUPLICATE_METHOD_MATCH = YES;
				"CODE_SIGN_IDENTITY[sdk=iphoneos*]" = "iPhone Developer";
				COPY_PHASE_STRIP = NO;
				DEBUG_INFORMATION_FORMAT = dwarf;
				ENABLE_STRICT_OBJC_MSGSEND = YES;
				ENABLE_TESTABILITY = YES;
				GCC_C_LANGUAGE_STANDARD = gnu99;
				GCC_DYNAMIC_NO_PIC = NO;
				GCC_NO_COMMON_BLOCKS = YES;
				GCC_OPTIMIZATION_LEVEL = 0;
				GCC_PREPROCESSOR_DEFINITIONS = (
					"DEBUG=1",
					"$(inherited)",
				);
				GCC_WARN_64_TO_32_BIT_CONVERSION = YES;
				GCC_WARN_ABOUT_RETURN_TYPE = YES_ERROR;
				GCC_WARN_UNDECLARED_SELECTOR = YES;
				GCC_WARN_UNINITIALIZED_AUTOS = YES_AGGRESSIVE;
				GCC_WARN_UNUSED_FUNCTION = YES;
				GCC_WARN_UNUSED_VARIABLE = YES;
				IPHONEOS_DEPLOYMENT_TARGET = 9.2;
				MTL_ENABLE_DEBUG_INFO = YES;
				ONLY_ACTIVE_ARCH = YES;
				SDKROOT = iphoneos;
			};
			name = Debug;
		};
		3A2A2E841C9D8CEA00CA19E1 /* Release */ = {
			isa = XCBuildConfiguration;
			buildSettings = {
				ALWAYS_SEARCH_USER_PATHS = NO;
				CLANG_CXX_LANGUAGE_STANDARD = "gnu++0x";
				CLANG_CXX_LIBRARY = "libc++";
				CLANG_ENABLE_MODULES = YES;
				CLANG_ENABLE_OBJC_ARC = YES;
				CLANG_WARN_BOOL_CONVERSION = YES;
				CLANG_WARN_CONSTANT_CONVERSION = YES;
				CLANG_WARN_DIRECT_OBJC_ISA_USAGE = YES_ERROR;
				CLANG_WARN_EMPTY_BODY = YES;
				CLANG_WARN_ENUM_CONVERSION = YES;
				CLANG_WARN_INT_CONVERSION = YES;
				CLANG_WARN_OBJC_ROOT_CLASS = YES_ERROR;
				CLANG_WARN_UNREACHABLE_CODE = YES;
				CLANG_WARN__DUPLICATE_METHOD_MATCH = YES;
				"CODE_SIGN_IDENTITY[sdk=iphoneos*]" = "iPhone Developer";
				COPY_PHASE_STRIP = NO;
				DEBUG_INFORMATION_FORMAT = "dwarf-with-dsym";
				ENABLE_NS_ASSERTIONS = NO;
				ENABLE_STRICT_OBJC_MSGSEND = YES;
				GCC_C_LANGUAGE_STANDARD = gnu99;
				GCC_NO_COMMON_BLOCKS = YES;
				GCC_WARN_64_TO_32_BIT_CONVERSION = YES;
				GCC_WARN_ABOUT_RETURN_TYPE = YES_ERROR;
				GCC_WARN_UNDECLARED_SELECTOR = YES;
				GCC_WARN_UNINITIALIZED_AUTOS = YES_AGGRESSIVE;
				GCC_WARN_UNUSED_FUNCTION = YES;
				GCC_WARN_UNUSED_VARIABLE = YES;
				IPHONEOS_DEPLOYMENT_TARGET = 9.2;
				MTL_ENABLE_DEBUG_INFO = NO;
				SDKROOT = iphoneos;
				VALIDATE_PRODUCT = YES;
			};
			name = Release;
		};
		3A2A2E861C9D8CEA00CA19E1 /* Debug */ = {
			isa = XCBuildConfiguration;
			baseConfigurationReference = 210AF3DD46A1874881C76F17 /* Pods-JustForYou.debug.xcconfig */;
			buildSettings = {
				ASSETCATALOG_COMPILER_APPICON_NAME = AppIcon;
				CODE_SIGN_IDENTITY = "iPhone Developer";
				GCC_PRECOMPILE_PREFIX_HEADER = YES;
				GCC_PREFIX_HEADER = "$(SRCROOT)/Application/PrefixHeader.pch";
				INFOPLIST_FILE = "$(SRCROOT)/Supporting Files/Info.plist";
				IPHONEOS_DEPLOYMENT_TARGET = 8.0;
				LD_RUNPATH_SEARCH_PATHS = "$(inherited) @executable_path/Frameworks";
				PRODUCT_BUNDLE_IDENTIFIER = ru.binaryblitz.JustForYou;
				PRODUCT_NAME = "$(TARGET_NAME)";
			};
			name = Debug;
		};
		3A2A2E871C9D8CEA00CA19E1 /* Release */ = {
			isa = XCBuildConfiguration;
			baseConfigurationReference = 3E4D5C9A768BEE391C410894 /* Pods-JustForYou.release.xcconfig */;
			buildSettings = {
				ASSETCATALOG_COMPILER_APPICON_NAME = AppIcon;
				CODE_SIGN_IDENTITY = "iPhone Developer";
				GCC_PRECOMPILE_PREFIX_HEADER = YES;
				GCC_PREFIX_HEADER = "$(SRCROOT)/Application/PrefixHeader.pch";
				INFOPLIST_FILE = "$(SRCROOT)/Supporting Files/Info.plist";
				IPHONEOS_DEPLOYMENT_TARGET = 8.0;
				LD_RUNPATH_SEARCH_PATHS = "$(inherited) @executable_path/Frameworks";
				PRODUCT_BUNDLE_IDENTIFIER = ru.binaryblitz.JustForYou;
				PRODUCT_NAME = "$(TARGET_NAME)";
			};
			name = Release;
		};
/* End XCBuildConfiguration section */

/* Begin XCConfigurationList section */
		3A2A2E691C9D8CE900CA19E1 /* Build configuration list for PBXProject "JustForYou" */ = {
			isa = XCConfigurationList;
			buildConfigurations = (
				3A2A2E831C9D8CEA00CA19E1 /* Debug */,
				3A2A2E841C9D8CEA00CA19E1 /* Release */,
			);
			defaultConfigurationIsVisible = 0;
			defaultConfigurationName = Release;
		};
		3A2A2E851C9D8CEA00CA19E1 /* Build configuration list for PBXNativeTarget "JustForYou" */ = {
			isa = XCConfigurationList;
			buildConfigurations = (
				3A2A2E861C9D8CEA00CA19E1 /* Debug */,
				3A2A2E871C9D8CEA00CA19E1 /* Release */,
			);
			defaultConfigurationIsVisible = 0;
			defaultConfigurationName = Release;
		};
/* End XCConfigurationList section */
	};
	rootObject = 3A2A2E661C9D8CE900CA19E1 /* Project object */;
}
